// !$*UTF8*$!
{
	archiveVersion = 1;
	classes = {
	};
	objectVersion = 52;
	objects = {

/* Begin PBXBuildFile section */
		2501D36D2A836CF1002FC348 /* BottomNavigationBar.swift in Sources */ = {isa = PBXBuildFile; fileRef = 2501D36C2A836CF1002FC348 /* BottomNavigationBar.swift */; };
		250622702B4D6EEB00FCD636 /* ProfileNewViewController.swift in Sources */ = {isa = PBXBuildFile; fileRef = 2506226F2B4D6EEB00FCD636 /* ProfileNewViewController.swift */; };
		250622732B4DAA7E00FCD636 /* SplashViewController.swift in Sources */ = {isa = PBXBuildFile; fileRef = 250622722B4DAA7E00FCD636 /* SplashViewController.swift */; };
		250622752B4DB20500FCD636 /* IntroSleep2ViewController.swift in Sources */ = {isa = PBXBuildFile; fileRef = 250622742B4DB20500FCD636 /* IntroSleep2ViewController.swift */; };
		250622772B4E53F900FCD636 /* IntroSleep3ViewController.swift in Sources */ = {isa = PBXBuildFile; fileRef = 250622762B4E53F900FCD636 /* IntroSleep3ViewController.swift */; };
		250622792B4E5E5700FCD636 /* SimplePageViewController.swift in Sources */ = {isa = PBXBuildFile; fileRef = 250622782B4E5E5700FCD636 /* SimplePageViewController.swift */; };
		2506227B2B4E6AE900FCD636 /* IntroSleepRootController.swift in Sources */ = {isa = PBXBuildFile; fileRef = 2506227A2B4E6AE900FCD636 /* IntroSleepRootController.swift */; };
		2506227D2B4E6E0300FCD636 /* DelegateViewController.swift in Sources */ = {isa = PBXBuildFile; fileRef = 2506227C2B4E6E0300FCD636 /* DelegateViewController.swift */; };
		2506227F2B4E70FA00FCD636 /* OneShotViewController.swift in Sources */ = {isa = PBXBuildFile; fileRef = 2506227E2B4E70FA00FCD636 /* OneShotViewController.swift */; };
		250622812B4E891900FCD636 /* ProgressBar.swift in Sources */ = {isa = PBXBuildFile; fileRef = 250622802B4E891900FCD636 /* ProgressBar.swift */; };
		250622832B4EA1F000FCD636 /* PageBar.swift in Sources */ = {isa = PBXBuildFile; fileRef = 250622822B4EA1F000FCD636 /* PageBar.swift */; };
		25063EB02A776DC2001C1CCE /* FileSCS.swift in Sources */ = {isa = PBXBuildFile; fileRef = 25063EAF2A776DC2001C1CCE /* FileSCS.swift */; };
		25063EB22A77A1D5001C1CCE /* FileSPC.swift in Sources */ = {isa = PBXBuildFile; fileRef = 25063EB12A77A1D5001C1CCE /* FileSPC.swift */; };
		25063EB42A77E4A7001C1CCE /* FirebaseStorage in Frameworks */ = {isa = PBXBuildFile; productRef = 25063EB32A77E4A7001C1CCE /* FirebaseStorage */; };
		25063EB62A7A05F3001C1CCE /* FileSKC1.swift in Sources */ = {isa = PBXBuildFile; fileRef = 25063EB52A7A05F3001C1CCE /* FileSKC1.swift */; };
		2507D2CF2B45D45C00656C0B /* ByteUtils.swift in Sources */ = {isa = PBXBuildFile; fileRef = 2507D2CE2B45D45C00656C0B /* ByteUtils.swift */; };
		2507D2D12B46707A00656C0B /* BaseTopicController.swift in Sources */ = {isa = PBXBuildFile; fileRef = 2507D2D02B46707A00656C0B /* BaseTopicController.swift */; };
		2507D2DF2B469C1D00656C0B /* ScriptRead.swift in Sources */ = {isa = PBXBuildFile; fileRef = 2507D2DE2B469C1D00656C0B /* ScriptRead.swift */; };
		2507D2E22B469C5400656C0B /* ScriptText.swift in Sources */ = {isa = PBXBuildFile; fileRef = 2507D2E12B469C5400656C0B /* ScriptText.swift */; };
		2507D2E42B469CA000656C0B /* ScriptResource.swift in Sources */ = {isa = PBXBuildFile; fileRef = 2507D2E32B469CA000656C0B /* ScriptResource.swift */; };
		2507D2E72B46B9C100656C0B /* FileInputStream.swift in Sources */ = {isa = PBXBuildFile; fileRef = 2507D2E62B46B9C100656C0B /* FileInputStream.swift */; };
		2507D2EB2B471A0E00656C0B /* ScriptReader.swift in Sources */ = {isa = PBXBuildFile; fileRef = 2507D2EA2B471A0E00656C0B /* ScriptReader.swift */; };
		2507D2EE2B47210800656C0B /* OnReadCommand.swift in Sources */ = {isa = PBXBuildFile; fileRef = 2507D2ED2B47210800656C0B /* OnReadCommand.swift */; };
		2507D2F02B47216000656C0B /* OnReadScript.swift in Sources */ = {isa = PBXBuildFile; fileRef = 2507D2EF2B47216000656C0B /* OnReadScript.swift */; };
		2515639E2ACBBF96009EAA2F /* FirebaseFirestore in Frameworks */ = {isa = PBXBuildFile; productRef = 2515639D2ACBBF96009EAA2F /* FirebaseFirestore */; };
		253E298E2A44493700304958 /* StoreKit.framework in Frameworks */ = {isa = PBXBuildFile; fileRef = 253E298D2A44493700304958 /* StoreKit.framework */; };
		2549B86D2ACA7FC9005C87C5 /* FirebaseMessaging in Frameworks */ = {isa = PBXBuildFile; productRef = 2549B86C2ACA7FC9005C87C5 /* FirebaseMessaging */; };
		255C04F52B4FA3E4006D9FD0 /* CarouselCollectionView.swift in Sources */ = {isa = PBXBuildFile; fileRef = 255C04F42B4FA3E4006D9FD0 /* CarouselCollectionView.swift */; };
		255C04F72B4FE6BD006D9FD0 /* CarouselView.swift in Sources */ = {isa = PBXBuildFile; fileRef = 255C04F62B4FE6BD006D9FD0 /* CarouselView.swift */; };
		255C04F92B504BB5006D9FD0 /* ViewUtils.swift in Sources */ = {isa = PBXBuildFile; fileRef = 255C04F82B504BB5006D9FD0 /* ViewUtils.swift */; };
		256940862B63B72E0005BFCC /* ArrayList.swift in Sources */ = {isa = PBXBuildFile; fileRef = 256940852B63B72E0005BFCC /* ArrayList.swift */; };
		256940892B6571CD0005BFCC /* CacheListener.swift in Sources */ = {isa = PBXBuildFile; fileRef = 256940882B6571CD0005BFCC /* CacheListener.swift */; };
		2569408C2B660C9B0005BFCC /* CacheProgress.swift in Sources */ = {isa = PBXBuildFile; fileRef = 2569408B2B660C9B0005BFCC /* CacheProgress.swift */; };
		2569408E2B660D850005BFCC /* CacheFileHandler.swift in Sources */ = {isa = PBXBuildFile; fileRef = 2569408D2B660D850005BFCC /* CacheFileHandler.swift */; };
		256940912B660EDE0005BFCC /* CacheData.swift in Sources */ = {isa = PBXBuildFile; fileRef = 256940902B660EDE0005BFCC /* CacheData.swift */; };
		256940942B6614160005BFCC /* CacheProgressListener.swift in Sources */ = {isa = PBXBuildFile; fileRef = 256940932B6614160005BFCC /* CacheProgressListener.swift */; };
		256940962B6672620005BFCC /* UILabela.swift in Sources */ = {isa = PBXBuildFile; fileRef = 256940952B6672610005BFCC /* UILabela.swift */; };
		256940982B676A040005BFCC /* Cache.swift in Sources */ = {isa = PBXBuildFile; fileRef = 256940972B676A040005BFCC /* Cache.swift */; };
		2569409B2B6772B40005BFCC /* CacheDir.swift in Sources */ = {isa = PBXBuildFile; fileRef = 2569409A2B6772B40005BFCC /* CacheDir.swift */; };
		257A7FA82B6CE1B300BBEF5E /* Status.swift in Sources */ = {isa = PBXBuildFile; fileRef = 257A7F9C2B6CE1B300BBEF5E /* Status.swift */; };
		257A7FA92B6CE1B300BBEF5E /* Currency.swift in Sources */ = {isa = PBXBuildFile; fileRef = 257A7F9E2B6CE1B300BBEF5E /* Currency.swift */; };
		257A7FAA2B6CE1B300BBEF5E /* Keys.swift in Sources */ = {isa = PBXBuildFile; fileRef = 257A7FA02B6CE1B300BBEF5E /* Keys.swift */; };
		257A7FAB2B6CE1B300BBEF5E /* HttpUtils.swift in Sources */ = {isa = PBXBuildFile; fileRef = 257A7FA12B6CE1B300BBEF5E /* HttpUtils.swift */; };
		257A7FAC2B6CE1B300BBEF5E /* PaymentInfo.swift in Sources */ = {isa = PBXBuildFile; fileRef = 257A7FA32B6CE1B300BBEF5E /* PaymentInfo.swift */; };
		257A7FAD2B6CE1B300BBEF5E /* PaymentSnapshot.swift in Sources */ = {isa = PBXBuildFile; fileRef = 257A7FA42B6CE1B300BBEF5E /* PaymentSnapshot.swift */; };
		257A7FAE2B6CE1B300BBEF5E /* Payment.swift in Sources */ = {isa = PBXBuildFile; fileRef = 257A7FA52B6CE1B300BBEF5E /* Payment.swift */; };
		257A7FAF2B6CE1B300BBEF5E /* PaymentProcess.swift in Sources */ = {isa = PBXBuildFile; fileRef = 257A7FA72B6CE1B300BBEF5E /* PaymentProcess.swift */; };
		257A7FB22B6CE1FC00BBEF5E /* WebConfirmationViewController.swift in Sources */ = {isa = PBXBuildFile; fileRef = 257A7FB12B6CE1FC00BBEF5E /* WebConfirmationViewController.swift */; };
		257A7FB52B6CF40800BBEF5E /* DispatchQueue.swift in Sources */ = {isa = PBXBuildFile; fileRef = 257A7FB42B6CF40800BBEF5E /* DispatchQueue.swift */; };
		259185362B5D488B001CFD7A /* SPOKContentEngine.swift in Sources */ = {isa = PBXBuildFile; fileRef = 259185352B5D488B001CFD7A /* SPOKContentEngine.swift */; };
		2598FAB62A44394600230574 /* RevenueCat in Frameworks */ = {isa = PBXBuildFile; productRef = 2598FAB52A44394600230574 /* RevenueCat */; };
		259FE6112B62325D00E237B7 /* CardTextSize.swift in Sources */ = {isa = PBXBuildFile; fileRef = 259FE6102B62325D00E237B7 /* CardTextSize.swift */; };
		259FE6142B623DC800E237B7 /* CardType.swift in Sources */ = {isa = PBXBuildFile; fileRef = 259FE6132B623DC800E237B7 /* CardType.swift */; };
		25B35B152B51236B002704E1 /* Main.storyboard in Resources */ = {isa = PBXBuildFile; fileRef = 25B35B142B51236B002704E1 /* Main.storyboard */; };
		25B35B172B513E3B002704E1 /* PayPageViewController.swift in Sources */ = {isa = PBXBuildFile; fileRef = 25B35B162B513E3B002704E1 /* PayPageViewController.swift */; };
		25C455C82B5BF90400AF54B1 /* CacheFile.swift in Sources */ = {isa = PBXBuildFile; fileRef = 25C455C72B5BF90400AF54B1 /* CacheFile.swift */; };
		25C8BB5D2B50FF1F00C9A73E /* MainViewController.swift in Sources */ = {isa = PBXBuildFile; fileRef = 25C8BB5C2B50FF1F00C9A73E /* MainViewController.swift */; };
		25C8BB602B510E0100C9A73E /* StackViewController.swift in Sources */ = {isa = PBXBuildFile; fileRef = 25C8BB5F2B510E0100C9A73E /* StackViewController.swift */; };
		25D32DD92B68D69A00EAEA20 /* PopupNewsViewController.swift in Sources */ = {isa = PBXBuildFile; fileRef = 25D32DD82B68D69A00EAEA20 /* PopupNewsViewController.swift */; };
		25D61E822B75F0F100B5A72B /* OptionsTableView.swift in Sources */ = {isa = PBXBuildFile; fileRef = 25D61E812B75F0F100B5A72B /* OptionsTableView.swift */; };
		25D61E852B75F35600B5A72B /* OptionTableCell.swift in Sources */ = {isa = PBXBuildFile; fileRef = 25D61E842B75F35600B5A72B /* OptionTableCell.swift */; };
		25D61E882B75F8A500B5A72B /* Option.swift in Sources */ = {isa = PBXBuildFile; fileRef = 25D61E872B75F8A500B5A72B /* Option.swift */; };
		25D61E8A2B7621C300B5A72B /* InversedTableViewCell.swift in Sources */ = {isa = PBXBuildFile; fileRef = 25D61E892B7621C300B5A72B /* InversedTableViewCell.swift */; };
		25D61E902B76233800B5A72B /* InversedTableView.swift in Sources */ = {isa = PBXBuildFile; fileRef = 25D61E8F2B76233800B5A72B /* InversedTableView.swift */; };
		25DB9A752B53AC9E00B5359F /* CollectionDownloader.swift in Sources */ = {isa = PBXBuildFile; fileRef = 25DB9A742B53AC9E00B5359F /* CollectionDownloader.swift */; };
		25DB9A782B53BD4900B5359F /* Collection.swift in Sources */ = {isa = PBXBuildFile; fileRef = 25DB9A772B53BD4900B5359F /* Collection.swift */; };
		25DB9A7B2B53C45A00B5359F /* CollectionListener.swift in Sources */ = {isa = PBXBuildFile; fileRef = 25DB9A7A2B53C45A00B5359F /* CollectionListener.swift */; };
		25DB9ABA2B53E61C00B5359F /* Iterator.swift in Sources */ = {isa = PBXBuildFile; fileRef = 25DB9AB92B53E61C00B5359F /* Iterator.swift */; };
		25DB9ABE2B54E34100B5359F /* CollectionDelegate.swift in Sources */ = {isa = PBXBuildFile; fileRef = 25DB9ABD2B54E34100B5359F /* CollectionDelegate.swift */; };
		25DB9AC02B55A73900B5359F /* PreviewCell.swift in Sources */ = {isa = PBXBuildFile; fileRef = 25DB9ABF2B55A73900B5359F /* PreviewCell.swift */; };
		25DB9AC22B565AC600B5359F /* SheepCounterViewController.swift in Sources */ = {isa = PBXBuildFile; fileRef = 25DB9AC12B565AC600B5359F /* SheepCounterViewController.swift */; };
		25DB9AC42B578CBE00B5359F /* SheepViewCell.swift in Sources */ = {isa = PBXBuildFile; fileRef = 25DB9AC32B578CBE00B5359F /* SheepViewCell.swift */; };
		25DB9AC62B57945300B5359F /* CollectionTopic.swift in Sources */ = {isa = PBXBuildFile; fileRef = 25DB9AC52B57945300B5359F /* CollectionTopic.swift */; };
		25DB9AC92B57B5FB00B5359F /* LayoutUtils.swift in Sources */ = {isa = PBXBuildFile; fileRef = 25DB9AC82B57B5FB00B5359F /* LayoutUtils.swift */; };
		25DB9ACB2B57CC1600B5359F /* TitleTableViewCell.swift in Sources */ = {isa = PBXBuildFile; fileRef = 25DB9ACA2B57CC1600B5359F /* TitleTableViewCell.swift */; };
		25DB9AD12B57EC5000B5359F /* CollectionRowView.swift in Sources */ = {isa = PBXBuildFile; fileRef = 25DB9AD02B57EC5000B5359F /* CollectionRowView.swift */; };
		25F770D72B598C9100C62071 /* Particles.swift in Sources */ = {isa = PBXBuildFile; fileRef = 25F770D62B598C9100C62071 /* Particles.swift */; };
		25F94ACD2B6D181F00FC8A32 /* SignInAppleListener.swift in Sources */ = {isa = PBXBuildFile; fileRef = 25F94ACC2B6D181F00FC8A32 /* SignInAppleListener.swift */; };
		25F94ACF2B6D28F000FC8A32 /* UserDefaults.swift in Sources */ = {isa = PBXBuildFile; fileRef = 25F94ACE2B6D28F000FC8A32 /* UserDefaults.swift */; };
		25F94AD12B6E1A7200FC8A32 /* CGRect.swift in Sources */ = {isa = PBXBuildFile; fileRef = 25F94AD02B6E1A7200FC8A32 /* CGRect.swift */; };
		25F94AD32B6E1A9F00FC8A32 /* UILabel.swift in Sources */ = {isa = PBXBuildFile; fileRef = 25F94AD22B6E1A9F00FC8A32 /* UILabel.swift */; };
		25F94AD72B6E1E8D00FC8A32 /* SignInAppleController.swift in Sources */ = {isa = PBXBuildFile; fileRef = 25F94AD62B6E1E8D00FC8A32 /* SignInAppleController.swift */; };
		25F94AD92B6E22BE00FC8A32 /* AuthUtils.swift in Sources */ = {isa = PBXBuildFile; fileRef = 25F94AD82B6E22BE00FC8A32 /* AuthUtils.swift */; };
		25F94ADC2B6E579500FC8A32 /* SettingsViewController.swift in Sources */ = {isa = PBXBuildFile; fileRef = 25F94ADB2B6E579500FC8A32 /* SettingsViewController.swift */; };
		25F94ADE2B6E587D00FC8A32 /* UIColor.swift in Sources */ = {isa = PBXBuildFile; fileRef = 25F94ADD2B6E587D00FC8A32 /* UIColor.swift */; };
		25F94AE22B6E5E9F00FC8A32 /* AuthAppleController.swift in Sources */ = {isa = PBXBuildFile; fileRef = 25F94AE12B6E5E9F00FC8A32 /* AuthAppleController.swift */; };
		25F94AE52B6E608700FC8A32 /* AuthListener.swift in Sources */ = {isa = PBXBuildFile; fileRef = 25F94AE42B6E608700FC8A32 /* AuthListener.swift */; };
		25F94AE82B6E626100FC8A32 /* SignInListener.swift in Sources */ = {isa = PBXBuildFile; fileRef = 25F94AE72B6E626100FC8A32 /* SignInListener.swift */; };
		25F94AEB2B6F46E900FC8A32 /* MessageViewController.swift in Sources */ = {isa = PBXBuildFile; fileRef = 25F94AEA2B6F46E900FC8A32 /* MessageViewController.swift */; };
		25F94AED2B6F690200FC8A32 /* UIButton.swift in Sources */ = {isa = PBXBuildFile; fileRef = 25F94AEC2B6F690100FC8A32 /* UIButton.swift */; };
		25F94AEF2B6F6DF500FC8A32 /* DatabaseUtils.swift in Sources */ = {isa = PBXBuildFile; fileRef = 25F94AEE2B6F6DF500FC8A32 /* DatabaseUtils.swift */; };
		25F94AF12B6F7DD700FC8A32 /* Log.swift in Sources */ = {isa = PBXBuildFile; fileRef = 25F94AF02B6F7DD700FC8A32 /* Log.swift */; };
		25F94AF32B6F94A300FC8A32 /* String.swift in Sources */ = {isa = PBXBuildFile; fileRef = 25F94AF22B6F94A300FC8A32 /* String.swift */; };
		25F94AF62B6FB8A600FC8A32 /* PremiumService.swift in Sources */ = {isa = PBXBuildFile; fileRef = 25F94AF52B6FB8A600FC8A32 /* PremiumService.swift */; };
		25F94AF92B700E4D00FC8A32 /* sheep_m.mp3 in Resources */ = {isa = PBXBuildFile; fileRef = 25F94AF82B700E4D00FC8A32 /* sheep_m.mp3 */; };
		25F94AFE2B700F6300FC8A32 /* PaymentConfirmationListener.swift in Sources */ = {isa = PBXBuildFile; fileRef = 25F94AFD2B700F6300FC8A32 /* PaymentConfirmationListener.swift */; };
		2B04493A280C03AF00ADA8B5 /* CollectionTableViewCell.swift in Sources */ = {isa = PBXBuildFile; fileRef = 2B044939280C03AF00ADA8B5 /* CollectionTableViewCell.swift */; };
		2B3DE5B9290BAC7600B00528 /* SignInApple.swift in Sources */ = {isa = PBXBuildFile; fileRef = 2B3DE5B8290BAC7600B00528 /* SignInApple.swift */; };
		2B4B3885290EDEAA0013D198 /* FirebaseAnalytics in Frameworks */ = {isa = PBXBuildFile; productRef = 2B4B3884290EDEAA0013D198 /* FirebaseAnalytics */; };
		2B4B3887290EDEAA0013D198 /* FirebaseAuth in Frameworks */ = {isa = PBXBuildFile; productRef = 2B4B3886290EDEAA0013D198 /* FirebaseAuth */; };
		2B4B3889290EDEAA0013D198 /* FirebaseDatabase in Frameworks */ = {isa = PBXBuildFile; productRef = 2B4B3888290EDEAA0013D198 /* FirebaseDatabase */; };
		2B4C749F28E9A5E40097CDE7 /* SPOKMusic.swift in Sources */ = {isa = PBXBuildFile; fileRef = 2B4C749E28E9A5E40097CDE7 /* SPOKMusic.swift */; };
		2B4C74A528E9BDA20097CDE7 /* SPOKNotify.swift in Sources */ = {isa = PBXBuildFile; fileRef = 2B4C74A428E9BDA20097CDE7 /* SPOKNotify.swift */; };
		2B5684B128901882003F4F15 /* EveryDayNotification.swift in Sources */ = {isa = PBXBuildFile; fileRef = 2B5684B028901882003F4F15 /* EveryDayNotification.swift */; };
		2B63203F291F5E9A00BE529E /* GoogleService-Info.plist in Resources */ = {isa = PBXBuildFile; fileRef = 2B63203E291F5E9A00BE529E /* GoogleService-Info.plist */; };
		2B82F18C29603E73004414B9 /* UITextViewPhrase.swift in Sources */ = {isa = PBXBuildFile; fileRef = 2B82F18B29603E73004414B9 /* UITextViewPhrase.swift */; };
		2B93CF4E276F2E5000219690 /* HomeViewController.swift in Sources */ = {isa = PBXBuildFile; fileRef = 2B93CF4D276F2E5000219690 /* HomeViewController.swift */; };
		2BA101CD2763EFC900EB5B8C /* AppDelegate.swift in Sources */ = {isa = PBXBuildFile; fileRef = 2BA101CC2763EFC900EB5B8C /* AppDelegate.swift */; };
		2BA101CF2763EFC900EB5B8C /* SceneDelegate.swift in Sources */ = {isa = PBXBuildFile; fileRef = 2BA101CE2763EFC900EB5B8C /* SceneDelegate.swift */; };
		2BA101E42763EFCB00EB5B8C /* SPOKTests.swift in Sources */ = {isa = PBXBuildFile; fileRef = 2BA101E32763EFCB00EB5B8C /* SPOKTests.swift */; };
		2BA101EF2763EFCB00EB5B8C /* SPOKUITests.swift in Sources */ = {isa = PBXBuildFile; fileRef = 2BA101EE2763EFCB00EB5B8C /* SPOKUITests.swift */; };
		2BA1023E276A11DE00EB5B8C /* Toast.swift in Sources */ = {isa = PBXBuildFile; fileRef = 2BA1023D276A11DE00EB5B8C /* Toast.swift */; };
		2BC57A7528683E5A00A5A65C /* MainContentViewController.swift in Sources */ = {isa = PBXBuildFile; fileRef = 2BC57A7428683E5A00A5A65C /* MainContentViewController.swift */; };
		2BCC4909290E346100A5F4F4 /* LaunchScreen.storyboard in Resources */ = {isa = PBXBuildFile; fileRef = 2BA101D72763EFCA00EB5B8C /* LaunchScreen.storyboard */; };
		2BCC490A290E346A00A5F4F4 /* OpenSans-Bold.ttf in Resources */ = {isa = PBXBuildFile; fileRef = 383AF7A82875806000859090 /* OpenSans-Bold.ttf */; };
		2BCC490B290E346A00A5F4F4 /* OpenSans-ExtraBold.ttf in Resources */ = {isa = PBXBuildFile; fileRef = 2BA10250276A487D00EB5B8C /* OpenSans-ExtraBold.ttf */; };
		2BCC490C290E346A00A5F4F4 /* OpenSans-Regular.ttf in Resources */ = {isa = PBXBuildFile; fileRef = 2BA1024E276A487C00EB5B8C /* OpenSans-Regular.ttf */; };
		2BCC490D290E346A00A5F4F4 /* OpenSans-SemiBold.ttf in Resources */ = {isa = PBXBuildFile; fileRef = 2BA1024F276A487C00EB5B8C /* OpenSans-SemiBold.ttf */; };
		2BCC490F290E347500A5F4F4 /* Assets.xcassets in Resources */ = {isa = PBXBuildFile; fileRef = 2BA101D52763EFCA00EB5B8C /* Assets.xcassets */; };
		2BD279BE279EFEAE00E6A1FD /* Utils.swift in Sources */ = {isa = PBXBuildFile; fileRef = 2BD279BD279EFEAE00E6A1FD /* Utils.swift */; };
		2BF06BF628E7953B00A2ACFF /* SPOKTopic.swift in Sources */ = {isa = PBXBuildFile; fileRef = 2BF06BF528E7953B00A2ACFF /* SPOKTopic.swift */; };
		2BF3566E293136BF00ECA142 /* Crypt.swift in Sources */ = {isa = PBXBuildFile; fileRef = 2BF3566D293136BF00ECA142 /* Crypt.swift */; };
		383AF7AD28758BD300859090 /* MainNavigationController.swift in Sources */ = {isa = PBXBuildFile; fileRef = 383AF7AC28758BD300859090 /* MainNavigationController.swift */; };
		383AF7AF2875B17400859090 /* StorageApp.swift in Sources */ = {isa = PBXBuildFile; fileRef = 383AF7AE2875B17400859090 /* StorageApp.swift */; };
/* End PBXBuildFile section */

/* Begin PBXContainerItemProxy section */
		2BA101E02763EFCB00EB5B8C /* PBXContainerItemProxy */ = {
			isa = PBXContainerItemProxy;
			containerPortal = 2BA101C12763EFC900EB5B8C /* Project object */;
			proxyType = 1;
			remoteGlobalIDString = 2BA101C82763EFC900EB5B8C;
			remoteInfo = SPOK;
		};
		2BA101EB2763EFCB00EB5B8C /* PBXContainerItemProxy */ = {
			isa = PBXContainerItemProxy;
			containerPortal = 2BA101C12763EFC900EB5B8C /* Project object */;
			proxyType = 1;
			remoteGlobalIDString = 2BA101C82763EFC900EB5B8C;
			remoteInfo = SPOK;
		};
/* End PBXContainerItemProxy section */

/* Begin PBXFileReference section */
		2501D36C2A836CF1002FC348 /* BottomNavigationBar.swift */ = {isa = PBXFileReference; lastKnownFileType = sourcecode.swift; path = BottomNavigationBar.swift; sourceTree = "<group>"; };
		2506226F2B4D6EEB00FCD636 /* ProfileNewViewController.swift */ = {isa = PBXFileReference; lastKnownFileType = sourcecode.swift; path = ProfileNewViewController.swift; sourceTree = "<group>"; };
		250622722B4DAA7E00FCD636 /* SplashViewController.swift */ = {isa = PBXFileReference; lastKnownFileType = sourcecode.swift; path = SplashViewController.swift; sourceTree = "<group>"; };
		250622742B4DB20500FCD636 /* IntroSleep2ViewController.swift */ = {isa = PBXFileReference; lastKnownFileType = sourcecode.swift; path = IntroSleep2ViewController.swift; sourceTree = "<group>"; };
		250622762B4E53F900FCD636 /* IntroSleep3ViewController.swift */ = {isa = PBXFileReference; lastKnownFileType = sourcecode.swift; path = IntroSleep3ViewController.swift; sourceTree = "<group>"; };
		250622782B4E5E5700FCD636 /* SimplePageViewController.swift */ = {isa = PBXFileReference; lastKnownFileType = sourcecode.swift; path = SimplePageViewController.swift; sourceTree = "<group>"; };
		2506227A2B4E6AE900FCD636 /* IntroSleepRootController.swift */ = {isa = PBXFileReference; lastKnownFileType = sourcecode.swift; path = IntroSleepRootController.swift; sourceTree = "<group>"; };
		2506227C2B4E6E0300FCD636 /* DelegateViewController.swift */ = {isa = PBXFileReference; lastKnownFileType = sourcecode.swift; path = DelegateViewController.swift; sourceTree = "<group>"; };
		2506227E2B4E70FA00FCD636 /* OneShotViewController.swift */ = {isa = PBXFileReference; lastKnownFileType = sourcecode.swift; path = OneShotViewController.swift; sourceTree = "<group>"; };
		250622802B4E891900FCD636 /* ProgressBar.swift */ = {isa = PBXFileReference; lastKnownFileType = sourcecode.swift; path = ProgressBar.swift; sourceTree = "<group>"; };
		250622822B4EA1F000FCD636 /* PageBar.swift */ = {isa = PBXFileReference; lastKnownFileType = sourcecode.swift; path = PageBar.swift; sourceTree = "<group>"; };
		25063EAF2A776DC2001C1CCE /* FileSCS.swift */ = {isa = PBXFileReference; lastKnownFileType = sourcecode.swift; path = FileSCS.swift; sourceTree = "<group>"; };
		25063EB12A77A1D5001C1CCE /* FileSPC.swift */ = {isa = PBXFileReference; lastKnownFileType = sourcecode.swift; path = FileSPC.swift; sourceTree = "<group>"; };
		25063EB52A7A05F3001C1CCE /* FileSKC1.swift */ = {isa = PBXFileReference; lastKnownFileType = sourcecode.swift; path = FileSKC1.swift; sourceTree = "<group>"; };
		2507D2CE2B45D45C00656C0B /* ByteUtils.swift */ = {isa = PBXFileReference; lastKnownFileType = sourcecode.swift; path = ByteUtils.swift; sourceTree = "<group>"; };
		2507D2D02B46707A00656C0B /* BaseTopicController.swift */ = {isa = PBXFileReference; lastKnownFileType = sourcecode.swift; path = BaseTopicController.swift; sourceTree = "<group>"; };
		2507D2DE2B469C1D00656C0B /* ScriptRead.swift */ = {isa = PBXFileReference; lastKnownFileType = sourcecode.swift; path = ScriptRead.swift; sourceTree = "<group>"; };
		2507D2E12B469C5400656C0B /* ScriptText.swift */ = {isa = PBXFileReference; lastKnownFileType = sourcecode.swift; path = ScriptText.swift; sourceTree = "<group>"; };
		2507D2E32B469CA000656C0B /* ScriptResource.swift */ = {isa = PBXFileReference; lastKnownFileType = sourcecode.swift; path = ScriptResource.swift; sourceTree = "<group>"; };
		2507D2E62B46B9C100656C0B /* FileInputStream.swift */ = {isa = PBXFileReference; lastKnownFileType = sourcecode.swift; path = FileInputStream.swift; sourceTree = "<group>"; };
		2507D2EA2B471A0E00656C0B /* ScriptReader.swift */ = {isa = PBXFileReference; lastKnownFileType = sourcecode.swift; path = ScriptReader.swift; sourceTree = "<group>"; };
		2507D2ED2B47210800656C0B /* OnReadCommand.swift */ = {isa = PBXFileReference; lastKnownFileType = sourcecode.swift; path = OnReadCommand.swift; sourceTree = "<group>"; };
		2507D2EF2B47216000656C0B /* OnReadScript.swift */ = {isa = PBXFileReference; lastKnownFileType = sourcecode.swift; path = OnReadScript.swift; sourceTree = "<group>"; };
		253E298D2A44493700304958 /* StoreKit.framework */ = {isa = PBXFileReference; lastKnownFileType = wrapper.framework; name = StoreKit.framework; path = System/Library/Frameworks/StoreKit.framework; sourceTree = SDKROOT; };
		255C04F42B4FA3E4006D9FD0 /* CarouselCollectionView.swift */ = {isa = PBXFileReference; lastKnownFileType = sourcecode.swift; path = CarouselCollectionView.swift; sourceTree = "<group>"; };
		255C04F62B4FE6BD006D9FD0 /* CarouselView.swift */ = {isa = PBXFileReference; lastKnownFileType = sourcecode.swift; path = CarouselView.swift; sourceTree = "<group>"; };
		255C04F82B504BB5006D9FD0 /* ViewUtils.swift */ = {isa = PBXFileReference; lastKnownFileType = sourcecode.swift; path = ViewUtils.swift; sourceTree = "<group>"; };
		256940852B63B72E0005BFCC /* ArrayList.swift */ = {isa = PBXFileReference; lastKnownFileType = sourcecode.swift; path = ArrayList.swift; sourceTree = "<group>"; };
		256940882B6571CD0005BFCC /* CacheListener.swift */ = {isa = PBXFileReference; lastKnownFileType = sourcecode.swift; path = CacheListener.swift; sourceTree = "<group>"; };
		2569408B2B660C9B0005BFCC /* CacheProgress.swift */ = {isa = PBXFileReference; lastKnownFileType = sourcecode.swift; path = CacheProgress.swift; sourceTree = "<group>"; };
		2569408D2B660D850005BFCC /* CacheFileHandler.swift */ = {isa = PBXFileReference; lastKnownFileType = sourcecode.swift; path = CacheFileHandler.swift; sourceTree = "<group>"; };
		256940902B660EDE0005BFCC /* CacheData.swift */ = {isa = PBXFileReference; lastKnownFileType = sourcecode.swift; path = CacheData.swift; sourceTree = "<group>"; };
		256940932B6614160005BFCC /* CacheProgressListener.swift */ = {isa = PBXFileReference; lastKnownFileType = sourcecode.swift; path = CacheProgressListener.swift; sourceTree = "<group>"; };
		256940952B6672610005BFCC /* UILabela.swift */ = {isa = PBXFileReference; lastKnownFileType = sourcecode.swift; path = UILabela.swift; sourceTree = "<group>"; };
		256940972B676A040005BFCC /* Cache.swift */ = {isa = PBXFileReference; lastKnownFileType = sourcecode.swift; path = Cache.swift; sourceTree = "<group>"; };
		2569409A2B6772B40005BFCC /* CacheDir.swift */ = {isa = PBXFileReference; lastKnownFileType = sourcecode.swift; path = CacheDir.swift; sourceTree = "<group>"; };
		257A7F9C2B6CE1B300BBEF5E /* Status.swift */ = {isa = PBXFileReference; fileEncoding = 4; lastKnownFileType = sourcecode.swift; path = Status.swift; sourceTree = "<group>"; };
		257A7F9E2B6CE1B300BBEF5E /* Currency.swift */ = {isa = PBXFileReference; fileEncoding = 4; lastKnownFileType = sourcecode.swift; path = Currency.swift; sourceTree = "<group>"; };
		257A7FA02B6CE1B300BBEF5E /* Keys.swift */ = {isa = PBXFileReference; fileEncoding = 4; lastKnownFileType = sourcecode.swift; path = Keys.swift; sourceTree = "<group>"; };
		257A7FA12B6CE1B300BBEF5E /* HttpUtils.swift */ = {isa = PBXFileReference; fileEncoding = 4; lastKnownFileType = sourcecode.swift; path = HttpUtils.swift; sourceTree = "<group>"; };
		257A7FA32B6CE1B300BBEF5E /* PaymentInfo.swift */ = {isa = PBXFileReference; fileEncoding = 4; lastKnownFileType = sourcecode.swift; path = PaymentInfo.swift; sourceTree = "<group>"; };
		257A7FA42B6CE1B300BBEF5E /* PaymentSnapshot.swift */ = {isa = PBXFileReference; fileEncoding = 4; lastKnownFileType = sourcecode.swift; path = PaymentSnapshot.swift; sourceTree = "<group>"; };
		257A7FA52B6CE1B300BBEF5E /* Payment.swift */ = {isa = PBXFileReference; fileEncoding = 4; lastKnownFileType = sourcecode.swift; path = Payment.swift; sourceTree = "<group>"; };
		257A7FA72B6CE1B300BBEF5E /* PaymentProcess.swift */ = {isa = PBXFileReference; fileEncoding = 4; lastKnownFileType = sourcecode.swift; path = PaymentProcess.swift; sourceTree = "<group>"; };
		257A7FB12B6CE1FC00BBEF5E /* WebConfirmationViewController.swift */ = {isa = PBXFileReference; fileEncoding = 4; lastKnownFileType = sourcecode.swift; path = WebConfirmationViewController.swift; sourceTree = "<group>"; };
		257A7FB42B6CF40800BBEF5E /* DispatchQueue.swift */ = {isa = PBXFileReference; lastKnownFileType = sourcecode.swift; path = DispatchQueue.swift; sourceTree = "<group>"; };
		259185352B5D488B001CFD7A /* SPOKContentEngine.swift */ = {isa = PBXFileReference; fileEncoding = 4; lastKnownFileType = sourcecode.swift; path = SPOKContentEngine.swift; sourceTree = "<group>"; };
		259FE6102B62325D00E237B7 /* CardTextSize.swift */ = {isa = PBXFileReference; lastKnownFileType = sourcecode.swift; path = CardTextSize.swift; sourceTree = "<group>"; };
		259FE6132B623DC800E237B7 /* CardType.swift */ = {isa = PBXFileReference; lastKnownFileType = sourcecode.swift; path = CardType.swift; sourceTree = "<group>"; };
		25B35B142B51236B002704E1 /* Main.storyboard */ = {isa = PBXFileReference; lastKnownFileType = file.storyboard; path = Main.storyboard; sourceTree = "<group>"; };
		25B35B162B513E3B002704E1 /* PayPageViewController.swift */ = {isa = PBXFileReference; lastKnownFileType = sourcecode.swift; path = PayPageViewController.swift; sourceTree = "<group>"; };
		25C455C72B5BF90400AF54B1 /* CacheFile.swift */ = {isa = PBXFileReference; lastKnownFileType = sourcecode.swift; path = CacheFile.swift; sourceTree = "<group>"; };
		25C8BB5C2B50FF1F00C9A73E /* MainViewController.swift */ = {isa = PBXFileReference; lastKnownFileType = sourcecode.swift; path = MainViewController.swift; sourceTree = "<group>"; };
		25C8BB5F2B510E0100C9A73E /* StackViewController.swift */ = {isa = PBXFileReference; lastKnownFileType = sourcecode.swift; path = StackViewController.swift; sourceTree = "<group>"; };
		25D32DD82B68D69A00EAEA20 /* PopupNewsViewController.swift */ = {isa = PBXFileReference; lastKnownFileType = sourcecode.swift; path = PopupNewsViewController.swift; sourceTree = "<group>"; };
		25D61E812B75F0F100B5A72B /* OptionsTableView.swift */ = {isa = PBXFileReference; lastKnownFileType = sourcecode.swift; path = OptionsTableView.swift; sourceTree = "<group>"; };
		25D61E842B75F35600B5A72B /* OptionTableCell.swift */ = {isa = PBXFileReference; lastKnownFileType = sourcecode.swift; path = OptionTableCell.swift; sourceTree = "<group>"; };
		25D61E872B75F8A500B5A72B /* Option.swift */ = {isa = PBXFileReference; lastKnownFileType = sourcecode.swift; path = Option.swift; sourceTree = "<group>"; };
		25D61E892B7621C300B5A72B /* InversedTableViewCell.swift */ = {isa = PBXFileReference; lastKnownFileType = sourcecode.swift; path = InversedTableViewCell.swift; sourceTree = "<group>"; };
		25D61E8F2B76233800B5A72B /* InversedTableView.swift */ = {isa = PBXFileReference; lastKnownFileType = sourcecode.swift; path = InversedTableView.swift; sourceTree = "<group>"; };
		25DB9A742B53AC9E00B5359F /* CollectionDownloader.swift */ = {isa = PBXFileReference; lastKnownFileType = sourcecode.swift; path = CollectionDownloader.swift; sourceTree = "<group>"; };
		25DB9A772B53BD4900B5359F /* Collection.swift */ = {isa = PBXFileReference; lastKnownFileType = sourcecode.swift; path = Collection.swift; sourceTree = "<group>"; };
		25DB9A7A2B53C45A00B5359F /* CollectionListener.swift */ = {isa = PBXFileReference; lastKnownFileType = sourcecode.swift; path = CollectionListener.swift; sourceTree = "<group>"; };
		25DB9AB92B53E61C00B5359F /* Iterator.swift */ = {isa = PBXFileReference; lastKnownFileType = sourcecode.swift; path = Iterator.swift; sourceTree = "<group>"; };
		25DB9ABD2B54E34100B5359F /* CollectionDelegate.swift */ = {isa = PBXFileReference; lastKnownFileType = sourcecode.swift; path = CollectionDelegate.swift; sourceTree = "<group>"; };
		25DB9ABF2B55A73900B5359F /* PreviewCell.swift */ = {isa = PBXFileReference; lastKnownFileType = sourcecode.swift; path = PreviewCell.swift; sourceTree = "<group>"; };
		25DB9AC12B565AC600B5359F /* SheepCounterViewController.swift */ = {isa = PBXFileReference; lastKnownFileType = sourcecode.swift; path = SheepCounterViewController.swift; sourceTree = "<group>"; };
		25DB9AC32B578CBE00B5359F /* SheepViewCell.swift */ = {isa = PBXFileReference; lastKnownFileType = sourcecode.swift; path = SheepViewCell.swift; sourceTree = "<group>"; };
		25DB9AC52B57945300B5359F /* CollectionTopic.swift */ = {isa = PBXFileReference; lastKnownFileType = sourcecode.swift; path = CollectionTopic.swift; sourceTree = "<group>"; };
		25DB9AC82B57B5FB00B5359F /* LayoutUtils.swift */ = {isa = PBXFileReference; lastKnownFileType = sourcecode.swift; path = LayoutUtils.swift; sourceTree = "<group>"; };
		25DB9ACA2B57CC1600B5359F /* TitleTableViewCell.swift */ = {isa = PBXFileReference; lastKnownFileType = sourcecode.swift; path = TitleTableViewCell.swift; sourceTree = "<group>"; };
		25DB9AD02B57EC5000B5359F /* CollectionRowView.swift */ = {isa = PBXFileReference; lastKnownFileType = sourcecode.swift; path = CollectionRowView.swift; sourceTree = "<group>"; };
		25F770D62B598C9100C62071 /* Particles.swift */ = {isa = PBXFileReference; lastKnownFileType = sourcecode.swift; path = Particles.swift; sourceTree = "<group>"; };
		25F94ACC2B6D181F00FC8A32 /* SignInAppleListener.swift */ = {isa = PBXFileReference; lastKnownFileType = sourcecode.swift; path = SignInAppleListener.swift; sourceTree = "<group>"; };
		25F94ACE2B6D28F000FC8A32 /* UserDefaults.swift */ = {isa = PBXFileReference; lastKnownFileType = sourcecode.swift; path = UserDefaults.swift; sourceTree = "<group>"; };
		25F94AD02B6E1A7200FC8A32 /* CGRect.swift */ = {isa = PBXFileReference; lastKnownFileType = sourcecode.swift; path = CGRect.swift; sourceTree = "<group>"; };
		25F94AD22B6E1A9F00FC8A32 /* UILabel.swift */ = {isa = PBXFileReference; lastKnownFileType = sourcecode.swift; path = UILabel.swift; sourceTree = "<group>"; };
		25F94AD62B6E1E8D00FC8A32 /* SignInAppleController.swift */ = {isa = PBXFileReference; lastKnownFileType = sourcecode.swift; name = SignInAppleController.swift; path = ../SignInAppleController.swift; sourceTree = "<group>"; };
		25F94AD82B6E22BE00FC8A32 /* AuthUtils.swift */ = {isa = PBXFileReference; lastKnownFileType = sourcecode.swift; path = AuthUtils.swift; sourceTree = "<group>"; };
		25F94ADB2B6E579500FC8A32 /* SettingsViewController.swift */ = {isa = PBXFileReference; lastKnownFileType = sourcecode.swift; path = SettingsViewController.swift; sourceTree = "<group>"; };
		25F94ADD2B6E587D00FC8A32 /* UIColor.swift */ = {isa = PBXFileReference; lastKnownFileType = sourcecode.swift; path = UIColor.swift; sourceTree = "<group>"; };
		25F94AE12B6E5E9F00FC8A32 /* AuthAppleController.swift */ = {isa = PBXFileReference; lastKnownFileType = sourcecode.swift; path = AuthAppleController.swift; sourceTree = "<group>"; };
		25F94AE42B6E608700FC8A32 /* AuthListener.swift */ = {isa = PBXFileReference; lastKnownFileType = sourcecode.swift; path = AuthListener.swift; sourceTree = "<group>"; };
		25F94AE72B6E626100FC8A32 /* SignInListener.swift */ = {isa = PBXFileReference; lastKnownFileType = sourcecode.swift; path = SignInListener.swift; sourceTree = "<group>"; };
		25F94AEA2B6F46E900FC8A32 /* MessageViewController.swift */ = {isa = PBXFileReference; lastKnownFileType = sourcecode.swift; path = MessageViewController.swift; sourceTree = "<group>"; };
		25F94AEC2B6F690100FC8A32 /* UIButton.swift */ = {isa = PBXFileReference; lastKnownFileType = sourcecode.swift; path = UIButton.swift; sourceTree = "<group>"; };
		25F94AEE2B6F6DF500FC8A32 /* DatabaseUtils.swift */ = {isa = PBXFileReference; lastKnownFileType = sourcecode.swift; path = DatabaseUtils.swift; sourceTree = "<group>"; };
		25F94AF02B6F7DD700FC8A32 /* Log.swift */ = {isa = PBXFileReference; lastKnownFileType = sourcecode.swift; path = Log.swift; sourceTree = "<group>"; };
		25F94AF22B6F94A300FC8A32 /* String.swift */ = {isa = PBXFileReference; lastKnownFileType = sourcecode.swift; path = String.swift; sourceTree = "<group>"; };
		25F94AF52B6FB8A600FC8A32 /* PremiumService.swift */ = {isa = PBXFileReference; lastKnownFileType = sourcecode.swift; path = PremiumService.swift; sourceTree = "<group>"; };
		25F94AF82B700E4D00FC8A32 /* sheep_m.mp3 */ = {isa = PBXFileReference; lastKnownFileType = audio.mp3; path = sheep_m.mp3; sourceTree = "<group>"; };
		25F94AFD2B700F6300FC8A32 /* PaymentConfirmationListener.swift */ = {isa = PBXFileReference; lastKnownFileType = sourcecode.swift; path = PaymentConfirmationListener.swift; sourceTree = "<group>"; };
		2B044939280C03AF00ADA8B5 /* CollectionTableViewCell.swift */ = {isa = PBXFileReference; lastKnownFileType = sourcecode.swift; path = CollectionTableViewCell.swift; sourceTree = "<group>"; };
		2B2199EB2920C65600F4505C /* test.storekit */ = {isa = PBXFileReference; lastKnownFileType = text; path = test.storekit; sourceTree = "<group>"; };
		2B29CAEC2892B9F1006FE018 /* NotificationServiceExtension.appex */ = {isa = PBXFileReference; explicitFileType = "wrapper.app-extension"; includeInIndex = 0; path = NotificationServiceExtension.appex; sourceTree = BUILT_PRODUCTS_DIR; };
		2B29CAFC2892BC3D006FE018 /* SPOK.entitlements */ = {isa = PBXFileReference; lastKnownFileType = text.plist.entitlements; path = SPOK.entitlements; sourceTree = "<group>"; };
		2B3DE5B8290BAC7600B00528 /* SignInApple.swift */ = {isa = PBXFileReference; lastKnownFileType = sourcecode.swift; path = SignInApple.swift; sourceTree = "<group>"; };
		2B4B3881290EDDA10013D198 /* CryptoKit.framework */ = {isa = PBXFileReference; lastKnownFileType = wrapper.framework; name = CryptoKit.framework; path = System/Library/Frameworks/CryptoKit.framework; sourceTree = SDKROOT; };
		2B4C749E28E9A5E40097CDE7 /* SPOKMusic.swift */ = {isa = PBXFileReference; lastKnownFileType = sourcecode.swift; path = SPOKMusic.swift; sourceTree = "<group>"; };
		2B4C74A428E9BDA20097CDE7 /* SPOKNotify.swift */ = {isa = PBXFileReference; lastKnownFileType = sourcecode.swift; path = SPOKNotify.swift; sourceTree = "<group>"; };
		2B5684B028901882003F4F15 /* EveryDayNotification.swift */ = {isa = PBXFileReference; lastKnownFileType = sourcecode.swift; path = EveryDayNotification.swift; sourceTree = "<group>"; };
		2B63203E291F5E9A00BE529E /* GoogleService-Info.plist */ = {isa = PBXFileReference; fileEncoding = 4; lastKnownFileType = text.plist.xml; path = "GoogleService-Info.plist"; sourceTree = "<group>"; };
		2B82F18B29603E73004414B9 /* UITextViewPhrase.swift */ = {isa = PBXFileReference; lastKnownFileType = sourcecode.swift; path = UITextViewPhrase.swift; sourceTree = "<group>"; };
		2B93CF4D276F2E5000219690 /* HomeViewController.swift */ = {isa = PBXFileReference; lastKnownFileType = sourcecode.swift; path = HomeViewController.swift; sourceTree = "<group>"; };
		2BA101C92763EFC900EB5B8C /* SPOK.app */ = {isa = PBXFileReference; explicitFileType = wrapper.application; includeInIndex = 0; path = SPOK.app; sourceTree = BUILT_PRODUCTS_DIR; };
		2BA101CC2763EFC900EB5B8C /* AppDelegate.swift */ = {isa = PBXFileReference; lastKnownFileType = sourcecode.swift; path = AppDelegate.swift; sourceTree = "<group>"; };
		2BA101CE2763EFC900EB5B8C /* SceneDelegate.swift */ = {isa = PBXFileReference; lastKnownFileType = sourcecode.swift; path = SceneDelegate.swift; sourceTree = "<group>"; };
		2BA101D52763EFCA00EB5B8C /* Assets.xcassets */ = {isa = PBXFileReference; lastKnownFileType = folder.assetcatalog; path = Assets.xcassets; sourceTree = "<group>"; };
		2BA101D82763EFCA00EB5B8C /* Base */ = {isa = PBXFileReference; lastKnownFileType = file.storyboard; name = Base; path = Base.lproj/LaunchScreen.storyboard; sourceTree = "<group>"; };
		2BA101DA2763EFCA00EB5B8C /* Info.plist */ = {isa = PBXFileReference; lastKnownFileType = text.plist.xml; name = Info.plist; path = SPOK/Info.plist; sourceTree = SOURCE_ROOT; };
		2BA101DF2763EFCB00EB5B8C /* SPOKTests.xctest */ = {isa = PBXFileReference; explicitFileType = wrapper.cfbundle; includeInIndex = 0; path = SPOKTests.xctest; sourceTree = BUILT_PRODUCTS_DIR; };
		2BA101E32763EFCB00EB5B8C /* SPOKTests.swift */ = {isa = PBXFileReference; lastKnownFileType = sourcecode.swift; path = SPOKTests.swift; sourceTree = "<group>"; };
		2BA101E52763EFCB00EB5B8C /* Info.plist */ = {isa = PBXFileReference; lastKnownFileType = text.plist.xml; path = Info.plist; sourceTree = "<group>"; };
		2BA101EA2763EFCB00EB5B8C /* SPOKUITests.xctest */ = {isa = PBXFileReference; explicitFileType = wrapper.cfbundle; includeInIndex = 0; path = SPOKUITests.xctest; sourceTree = BUILT_PRODUCTS_DIR; };
		2BA101EE2763EFCB00EB5B8C /* SPOKUITests.swift */ = {isa = PBXFileReference; lastKnownFileType = sourcecode.swift; path = SPOKUITests.swift; sourceTree = "<group>"; };
		2BA101F02763EFCB00EB5B8C /* Info.plist */ = {isa = PBXFileReference; lastKnownFileType = text.plist.xml; path = Info.plist; sourceTree = "<group>"; };
		2BA1023D276A11DE00EB5B8C /* Toast.swift */ = {isa = PBXFileReference; lastKnownFileType = sourcecode.swift; path = Toast.swift; sourceTree = "<group>"; };
		2BA1024E276A487C00EB5B8C /* OpenSans-Regular.ttf */ = {isa = PBXFileReference; lastKnownFileType = file; path = "OpenSans-Regular.ttf"; sourceTree = "<group>"; };
		2BA1024F276A487C00EB5B8C /* OpenSans-SemiBold.ttf */ = {isa = PBXFileReference; lastKnownFileType = file; path = "OpenSans-SemiBold.ttf"; sourceTree = "<group>"; };
		2BA10250276A487D00EB5B8C /* OpenSans-ExtraBold.ttf */ = {isa = PBXFileReference; lastKnownFileType = file; path = "OpenSans-ExtraBold.ttf"; sourceTree = "<group>"; };
		2BB4FA5127E207B400574FDA /* ru */ = {isa = PBXFileReference; lastKnownFileType = text.plist.strings; name = ru; path = ru.lproj/LaunchScreen.strings; sourceTree = "<group>"; };
		2BC57A7428683E5A00A5A65C /* MainContentViewController.swift */ = {isa = PBXFileReference; lastKnownFileType = sourcecode.swift; path = MainContentViewController.swift; sourceTree = "<group>"; };
		2BD279BD279EFEAE00E6A1FD /* Utils.swift */ = {isa = PBXFileReference; lastKnownFileType = sourcecode.swift; path = Utils.swift; sourceTree = "<group>"; };
		2BF06BF528E7953B00A2ACFF /* SPOKTopic.swift */ = {isa = PBXFileReference; lastKnownFileType = sourcecode.swift; path = SPOKTopic.swift; sourceTree = "<group>"; };
		2BF3566D293136BF00ECA142 /* Crypt.swift */ = {isa = PBXFileReference; lastKnownFileType = sourcecode.swift; path = Crypt.swift; sourceTree = "<group>"; };
		383AF7A82875806000859090 /* OpenSans-Bold.ttf */ = {isa = PBXFileReference; lastKnownFileType = file; path = "OpenSans-Bold.ttf"; sourceTree = "<group>"; };
		383AF7AC28758BD300859090 /* MainNavigationController.swift */ = {isa = PBXFileReference; lastKnownFileType = sourcecode.swift; path = MainNavigationController.swift; sourceTree = "<group>"; };
		383AF7AE2875B17400859090 /* StorageApp.swift */ = {isa = PBXFileReference; lastKnownFileType = sourcecode.swift; path = StorageApp.swift; sourceTree = "<group>"; };
/* End PBXFileReference section */

/* Begin PBXFrameworksBuildPhase section */
		2B29CAE92892B9F1006FE018 /* Frameworks */ = {
			isa = PBXFrameworksBuildPhase;
			buildActionMask = 2147483647;
			files = (
			);
			runOnlyForDeploymentPostprocessing = 0;
		};
		2BA101C62763EFC900EB5B8C /* Frameworks */ = {
			isa = PBXFrameworksBuildPhase;
			buildActionMask = 2147483647;
			files = (
				2598FAB62A44394600230574 /* RevenueCat in Frameworks */,
				2B4B3885290EDEAA0013D198 /* FirebaseAnalytics in Frameworks */,
				2549B86D2ACA7FC9005C87C5 /* FirebaseMessaging in Frameworks */,
				253E298E2A44493700304958 /* StoreKit.framework in Frameworks */,
				2B4B3887290EDEAA0013D198 /* FirebaseAuth in Frameworks */,
				2515639E2ACBBF96009EAA2F /* FirebaseFirestore in Frameworks */,
				2B4B3889290EDEAA0013D198 /* FirebaseDatabase in Frameworks */,
				25063EB42A77E4A7001C1CCE /* FirebaseStorage in Frameworks */,
			);
			runOnlyForDeploymentPostprocessing = 0;
		};
		2BA101DC2763EFCB00EB5B8C /* Frameworks */ = {
			isa = PBXFrameworksBuildPhase;
			buildActionMask = 2147483647;
			files = (
			);
			runOnlyForDeploymentPostprocessing = 0;
		};
		2BA101E72763EFCB00EB5B8C /* Frameworks */ = {
			isa = PBXFrameworksBuildPhase;
			buildActionMask = 2147483647;
			files = (
			);
			runOnlyForDeploymentPostprocessing = 0;
		};
/* End PBXFrameworksBuildPhase section */

/* Begin PBXGroup section */
		2506226E2B4D6B6700FCD636 /* newMain */ = {
			isa = PBXGroup;
			children = (
				25D32DDC2B69017800EAEA20 /* content */,
				25C8BB5C2B50FF1F00C9A73E /* MainViewController.swift */,
				25C8BB5F2B510E0100C9A73E /* StackViewController.swift */,
				383AF7AC28758BD300859090 /* MainNavigationController.swift */,
				25B35B162B513E3B002704E1 /* PayPageViewController.swift */,
			);
			path = newMain;
			sourceTree = "<group>";
		};
		250622712B4DAA6B00FCD636 /* newIntro */ = {
			isa = PBXGroup;
			children = (
				250622742B4DB20500FCD636 /* IntroSleep2ViewController.swift */,
				250622762B4E53F900FCD636 /* IntroSleep3ViewController.swift */,
				2506227A2B4E6AE900FCD636 /* IntroSleepRootController.swift */,
				2506227C2B4E6E0300FCD636 /* DelegateViewController.swift */,
				2506227E2B4E70FA00FCD636 /* OneShotViewController.swift */,
			);
			path = newIntro;
			sourceTree = "<group>";
		};
		2507D2CD2B45D43200656C0B /* utils */ = {
			isa = PBXGroup;
			children = (
			);
			path = utils;
			sourceTree = "<group>";
		};
		2507D2D42B467EBE00656C0B /* SPOKContentEngine */ = {
			isa = PBXGroup;
			children = (
				259185352B5D488B001CFD7A /* SPOKContentEngine.swift */,
				2507D2EC2B4720E000656C0B /* protocols */,
				2507D2E02B469C3F00656C0B /* models */,
				2507D2DD2B469C0800656C0B /* utils */,
				2507D2EA2B471A0E00656C0B /* ScriptReader.swift */,
			);
			path = SPOKContentEngine;
			sourceTree = "<group>";
		};
		2507D2DD2B469C0800656C0B /* utils */ = {
			isa = PBXGroup;
			children = (
				2507D2DE2B469C1D00656C0B /* ScriptRead.swift */,
			);
			path = utils;
			sourceTree = "<group>";
		};
		2507D2E02B469C3F00656C0B /* models */ = {
			isa = PBXGroup;
			children = (
				2507D2E12B469C5400656C0B /* ScriptText.swift */,
				2507D2E32B469CA000656C0B /* ScriptResource.swift */,
			);
			path = models;
			sourceTree = "<group>";
		};
		2507D2E52B46B9A900656C0B /* stream */ = {
			isa = PBXGroup;
			children = (
				2507D2E62B46B9C100656C0B /* FileInputStream.swift */,
			);
			path = stream;
			sourceTree = "<group>";
		};
		2507D2EC2B4720E000656C0B /* protocols */ = {
			isa = PBXGroup;
			children = (
				2507D2ED2B47210800656C0B /* OnReadCommand.swift */,
				2507D2EF2B47216000656C0B /* OnReadScript.swift */,
			);
			path = protocols;
			sourceTree = "<group>";
		};
		254AA1102B711FA500853B17 /* labels */ = {
			isa = PBXGroup;
			children = (
				256940952B6672610005BFCC /* UILabela.swift */,
			);
			path = labels;
			sourceTree = "<group>";
		};
		255C04F32B4FA398006D9FD0 /* sleepIntro */ = {
			isa = PBXGroup;
			children = (
				255C04F42B4FA3E4006D9FD0 /* CarouselCollectionView.swift */,
				255C04F62B4FE6BD006D9FD0 /* CarouselView.swift */,
			);
			path = sleepIntro;
			sourceTree = "<group>";
		};
		256940872B6571B20005BFCC /* protocols */ = {
			isa = PBXGroup;
			children = (
				256940882B6571CD0005BFCC /* CacheListener.swift */,
				2569408D2B660D850005BFCC /* CacheFileHandler.swift */,
			);
			path = protocols;
			sourceTree = "<group>";
		};
		2569408A2B660C840005BFCC /* progress */ = {
			isa = PBXGroup;
			children = (
				256940922B6614020005BFCC /* protocols */,
				2569408B2B660C9B0005BFCC /* CacheProgress.swift */,
			);
			path = progress;
			sourceTree = "<group>";
		};
		2569408F2B660ED00005BFCC /* data */ = {
			isa = PBXGroup;
			children = (
				256940902B660EDE0005BFCC /* CacheData.swift */,
			);
			path = data;
			sourceTree = "<group>";
		};
		256940922B6614020005BFCC /* protocols */ = {
			isa = PBXGroup;
			children = (
				256940932B6614160005BFCC /* CacheProgressListener.swift */,
			);
			path = protocols;
			sourceTree = "<group>";
		};
		256940992B6772A30005BFCC /* dir */ = {
			isa = PBXGroup;
			children = (
				2569409A2B6772B40005BFCC /* CacheDir.swift */,
			);
			path = dir;
			sourceTree = "<group>";
		};
		257A7F992B6CE1B300BBEF5E /* payment */ = {
			isa = PBXGroup;
			children = (
				25F94AFC2B700F3300FC8A32 /* protocols */,
				257A7F9A2B6CE1B300BBEF5E /* enums */,
				257A7FA22B6CE1B300BBEF5E /* models */,
				257A7FA62B6CE1B300BBEF5E /* process */,
			);
			path = payment;
			sourceTree = "<group>";
		};
		257A7F9A2B6CE1B300BBEF5E /* enums */ = {
			isa = PBXGroup;
			children = (
				257A7F9B2B6CE1B300BBEF5E /* status */,
				257A7F9D2B6CE1B300BBEF5E /* currency */,
			);
			path = enums;
			sourceTree = "<group>";
		};
		257A7F9B2B6CE1B300BBEF5E /* status */ = {
			isa = PBXGroup;
			children = (
				257A7F9C2B6CE1B300BBEF5E /* Status.swift */,
			);
			path = status;
			sourceTree = "<group>";
		};
		257A7F9D2B6CE1B300BBEF5E /* currency */ = {
			isa = PBXGroup;
			children = (
				257A7F9E2B6CE1B300BBEF5E /* Currency.swift */,
			);
			path = currency;
			sourceTree = "<group>";
		};
		257A7FA22B6CE1B300BBEF5E /* models */ = {
			isa = PBXGroup;
			children = (
				257A7FA32B6CE1B300BBEF5E /* PaymentInfo.swift */,
				257A7FA42B6CE1B300BBEF5E /* PaymentSnapshot.swift */,
				257A7FA52B6CE1B300BBEF5E /* Payment.swift */,
			);
			path = models;
			sourceTree = "<group>";
		};
		257A7FA62B6CE1B300BBEF5E /* process */ = {
			isa = PBXGroup;
			children = (
				257A7FA72B6CE1B300BBEF5E /* PaymentProcess.swift */,
			);
			path = process;
			sourceTree = "<group>";
		};
		257A7FB02B6CE1F100BBEF5E /* payment */ = {
			isa = PBXGroup;
			children = (
				257A7FB12B6CE1FC00BBEF5E /* WebConfirmationViewController.swift */,
			);
			path = payment;
			sourceTree = "<group>";
		};
		257A7FB32B6CF3F700BBEF5E /* extensions */ = {
			isa = PBXGroup;
			children = (
				257A7FB42B6CF40800BBEF5E /* DispatchQueue.swift */,
				25F94ACE2B6D28F000FC8A32 /* UserDefaults.swift */,
				25F94AD02B6E1A7200FC8A32 /* CGRect.swift */,
				25F94AD22B6E1A9F00FC8A32 /* UILabel.swift */,
				25F94ADD2B6E587D00FC8A32 /* UIColor.swift */,
				25F94AEC2B6F690100FC8A32 /* UIButton.swift */,
				25F94AF22B6F94A300FC8A32 /* String.swift */,
			);
			path = extensions;
			sourceTree = "<group>";
		};
		259FE6122B623DA400E237B7 /* enums */ = {
			isa = PBXGroup;
			children = (
				259FE6132B623DC800E237B7 /* CardType.swift */,
			);
			path = enums;
			sourceTree = "<group>";
		};
		25C455C62B5BF8D400AF54B1 /* cache */ = {
			isa = PBXGroup;
			children = (
				256940992B6772A30005BFCC /* dir */,
				2569408F2B660ED00005BFCC /* data */,
				2569408A2B660C840005BFCC /* progress */,
				256940872B6571B20005BFCC /* protocols */,
				25C455C72B5BF90400AF54B1 /* CacheFile.swift */,
				256940972B676A040005BFCC /* Cache.swift */,
			);
			path = cache;
			sourceTree = "<group>";
		};
		25D32DD62B68D67A00EAEA20 /* popups */ = {
			isa = PBXGroup;
			children = (
				25F94AE92B6F46C800FC8A32 /* message */,
				25D32DD72B68D68600EAEA20 /* news */,
			);
			path = popups;
			sourceTree = "<group>";
		};
		25D32DD72B68D68600EAEA20 /* news */ = {
			isa = PBXGroup;
			children = (
				25D32DD82B68D69A00EAEA20 /* PopupNewsViewController.swift */,
			);
			path = news;
			sourceTree = "<group>";
		};
		25D32DDC2B69017800EAEA20 /* content */ = {
			isa = PBXGroup;
			children = (
				2506226F2B4D6EEB00FCD636 /* ProfileNewViewController.swift */,
				2B93CF4D276F2E5000219690 /* HomeViewController.swift */,
				2BC57A7428683E5A00A5A65C /* MainContentViewController.swift */,
			);
			path = content;
			sourceTree = "<group>";
		};
		25D32DDD2B6901AF00EAEA20 /* views */ = {
			isa = PBXGroup;
			children = (
				2B82F18B29603E73004414B9 /* UITextViewPhrase.swift */,
			);
			path = views;
			sourceTree = "<group>";
		};
		25D32DDE2B6901E300EAEA20 /* auth */ = {
			isa = PBXGroup;
			children = (
				25F94AE32B6E606C00FC8A32 /* protocols */,
				25F94AE02B6E5E8400FC8A32 /* apple */,
				25F94ADF2B6E5E7600FC8A32 /* signin */,
			);
			path = auth;
			sourceTree = "<group>";
		};
		25D32DDF2B6901F800EAEA20 /* pagers */ = {
			isa = PBXGroup;
			children = (
				250622782B4E5E5700FCD636 /* SimplePageViewController.swift */,
			);
			path = pagers;
			sourceTree = "<group>";
		};
		25D32DE02B69032400EAEA20 /* fonts */ = {
			isa = PBXGroup;
			children = (
				383AF7A82875806000859090 /* OpenSans-Bold.ttf */,
				2BA10250276A487D00EB5B8C /* OpenSans-ExtraBold.ttf */,
				2BA1024E276A487C00EB5B8C /* OpenSans-Regular.ttf */,
				2BA1024F276A487C00EB5B8C /* OpenSans-SemiBold.ttf */,
			);
			path = fonts;
			sourceTree = "<group>";
		};
		25D5E4A72A69A47800A3126B /* views */ = {
			isa = PBXGroup;
			children = (
				25D61E802B75F0D700B5A72B /* tableViews */,
				254AA1102B711FA500853B17 /* labels */,
				255C04F32B4FA398006D9FD0 /* sleepIntro */,
				2501D36C2A836CF1002FC348 /* BottomNavigationBar.swift */,
				250622802B4E891900FCD636 /* ProgressBar.swift */,
				250622822B4EA1F000FCD636 /* PageBar.swift */,
				25F770D62B598C9100C62071 /* Particles.swift */,
			);
			path = views;
			sourceTree = "<group>";
		};
		25D61E802B75F0D700B5A72B /* tableViews */ = {
			isa = PBXGroup;
			children = (
				25D61E812B75F0F100B5A72B /* OptionsTableView.swift */,
				25D61E8F2B76233800B5A72B /* InversedTableView.swift */,
			);
			path = tableViews;
			sourceTree = "<group>";
		};
		25D61E832B75F33F00B5A72B /* option */ = {
			isa = PBXGroup;
			children = (
				25D61E842B75F35600B5A72B /* OptionTableCell.swift */,
			);
			path = option;
			sourceTree = "<group>";
		};
		25D61E862B75F89A00B5A72B /* option */ = {
			isa = PBXGroup;
			children = (
				25D61E872B75F8A500B5A72B /* Option.swift */,
			);
			path = option;
			sourceTree = "<group>";
		};
		25D61E8B2B76221400B5A72B /* tableView */ = {
			isa = PBXGroup;
			children = (
				25D61E8E2B76228400B5A72B /* home */,
				25D61E892B7621C300B5A72B /* InversedTableViewCell.swift */,
				25D61E832B75F33F00B5A72B /* option */,
			);
			path = tableView;
			sourceTree = "<group>";
		};
		25D61E8D2B76224100B5A72B /* collectionView */ = {
			isa = PBXGroup;
			children = (
				2BA51A9F280FF7F60035262A /* Home */,
			);
			path = collectionView;
			sourceTree = "<group>";
		};
		25D61E8E2B76228400B5A72B /* home */ = {
			isa = PBXGroup;
			children = (
				25DB9ACC2B57EB9E00B5359F /* collections */,
			);
			path = home;
			sourceTree = "<group>";
		};
		25DB9A702B52BE7E00B5359F /* splash */ = {
			isa = PBXGroup;
			children = (
				250622722B4DAA7E00FCD636 /* SplashViewController.swift */,
			);
			path = splash;
			sourceTree = "<group>";
		};
		25DB9A732B53AC6700B5359F /* downloaders */ = {
			isa = PBXGroup;
			children = (
				25DB9A792B53C43A00B5359F /* protocols */,
				25DB9A742B53AC9E00B5359F /* CollectionDownloader.swift */,
			);
			path = downloaders;
			sourceTree = "<group>";
		};
		25DB9A762B53BD3D00B5359F /* models */ = {
			isa = PBXGroup;
			children = (
				25D61E862B75F89A00B5A72B /* option */,
				25DB9ACF2B57EC3800B5359F /* collection */,
				259FE6102B62325D00E237B7 /* CardTextSize.swift */,
				256940852B63B72E0005BFCC /* ArrayList.swift */,
			);
			path = models;
			sourceTree = "<group>";
		};
		25DB9A792B53C43A00B5359F /* protocols */ = {
			isa = PBXGroup;
			children = (
				25DB9A7A2B53C45A00B5359F /* CollectionListener.swift */,
			);
			path = protocols;
			sourceTree = "<group>";
		};
		25DB9AB82B53E60E00B5359F /* iterators */ = {
			isa = PBXGroup;
			children = (
				25DB9AB92B53E61C00B5359F /* Iterator.swift */,
			);
			path = iterators;
			sourceTree = "<group>";
		};
		25DB9ABC2B54E32700B5359F /* delegates */ = {
			isa = PBXGroup;
			children = (
				25DB9ABD2B54E34100B5359F /* CollectionDelegate.swift */,
			);
			path = delegates;
			sourceTree = "<group>";
		};
		25DB9AC72B57B5DB00B5359F /* utils */ = {
			isa = PBXGroup;
			children = (
				257A7FA12B6CE1B300BBEF5E /* HttpUtils.swift */,
				257A7FA02B6CE1B300BBEF5E /* Keys.swift */,
				2BD279BD279EFEAE00E6A1FD /* Utils.swift */,
				2507D2CE2B45D45C00656C0B /* ByteUtils.swift */,
				255C04F82B504BB5006D9FD0 /* ViewUtils.swift */,
				25DB9AC82B57B5FB00B5359F /* LayoutUtils.swift */,
				25F94AD82B6E22BE00FC8A32 /* AuthUtils.swift */,
				25F94AEE2B6F6DF500FC8A32 /* DatabaseUtils.swift */,
				25F94AF02B6F7DD700FC8A32 /* Log.swift */,
			);
			path = utils;
			sourceTree = "<group>";
		};
		25DB9ACC2B57EB9E00B5359F /* collections */ = {
			isa = PBXGroup;
			children = (
				2B044939280C03AF00ADA8B5 /* CollectionTableViewCell.swift */,
				25DB9AC32B578CBE00B5359F /* SheepViewCell.swift */,
				25DB9ACA2B57CC1600B5359F /* TitleTableViewCell.swift */,
			);
			path = collections;
			sourceTree = "<group>";
		};
		25DB9ACF2B57EC3800B5359F /* collection */ = {
			isa = PBXGroup;
			children = (
				25DB9A772B53BD4900B5359F /* Collection.swift */,
				25DB9AD02B57EC5000B5359F /* CollectionRowView.swift */,
				25DB9AC52B57945300B5359F /* CollectionTopic.swift */,
			);
			path = collection;
			sourceTree = "<group>";
		};
		25F770D82B59A71D00C62071 /* raw */ = {
			isa = PBXGroup;
			children = (
				25F94AF72B700E4D00FC8A32 /* audio */,
				25D32DE02B69032400EAEA20 /* fonts */,
			);
			path = raw;
			sourceTree = "<group>";
		};
		25F94ACB2B6D17FE00FC8A32 /* signin */ = {
			isa = PBXGroup;
			children = (
				25F94AE62B6E621700FC8A32 /* protocols */,
				2B3DE5B8290BAC7600B00528 /* SignInApple.swift */,
			);
			path = signin;
			sourceTree = "<group>";
		};
		25F94ADA2B6E573000FC8A32 /* settings */ = {
			isa = PBXGroup;
			children = (
				25F94ADB2B6E579500FC8A32 /* SettingsViewController.swift */,
			);
			path = settings;
			sourceTree = "<group>";
		};
		25F94ADF2B6E5E7600FC8A32 /* signin */ = {
			isa = PBXGroup;
			children = (
				25F94AD62B6E1E8D00FC8A32 /* SignInAppleController.swift */,
			);
			path = signin;
			sourceTree = "<group>";
		};
		25F94AE02B6E5E8400FC8A32 /* apple */ = {
			isa = PBXGroup;
			children = (
				25F94AE12B6E5E9F00FC8A32 /* AuthAppleController.swift */,
			);
			path = apple;
			sourceTree = "<group>";
		};
		25F94AE32B6E606C00FC8A32 /* protocols */ = {
			isa = PBXGroup;
			children = (
				25F94AE42B6E608700FC8A32 /* AuthListener.swift */,
			);
			path = protocols;
			sourceTree = "<group>";
		};
		25F94AE62B6E621700FC8A32 /* protocols */ = {
			isa = PBXGroup;
			children = (
				25F94ACC2B6D181F00FC8A32 /* SignInAppleListener.swift */,
				25F94AE72B6E626100FC8A32 /* SignInListener.swift */,
			);
			path = protocols;
			sourceTree = "<group>";
		};
		25F94AE92B6F46C800FC8A32 /* message */ = {
			isa = PBXGroup;
			children = (
				25F94AEA2B6F46E900FC8A32 /* MessageViewController.swift */,
			);
			path = message;
			sourceTree = "<group>";
		};
		25F94AF42B6FB89100FC8A32 /* service */ = {
			isa = PBXGroup;
			children = (
				25F94AF52B6FB8A600FC8A32 /* PremiumService.swift */,
			);
			path = service;
			sourceTree = "<group>";
		};
		25F94AF72B700E4D00FC8A32 /* audio */ = {
			isa = PBXGroup;
			children = (
				25F94AF82B700E4D00FC8A32 /* sheep_m.mp3 */,
			);
			path = audio;
			sourceTree = "<group>";
		};
		25F94AFC2B700F3300FC8A32 /* protocols */ = {
			isa = PBXGroup;
			children = (
				25F94AFD2B700F6300FC8A32 /* PaymentConfirmationListener.swift */,
			);
			path = protocols;
			sourceTree = "<group>";
		};
		2B5684AF28901871003F4F15 /* Notifications */ = {
			isa = PBXGroup;
			children = (
				2B5684B028901882003F4F15 /* EveryDayNotification.swift */,
			);
			path = Notifications;
			sourceTree = "<group>";
		};
		2BA101C02763EFC900EB5B8C = {
			isa = PBXGroup;
			children = (
				2BA101CB2763EFC900EB5B8C /* SPOK */,
				2BA101E22763EFCB00EB5B8C /* SPOKTests */,
				2BA101CA2763EFC900EB5B8C /* Products */,
				2BBADB442909D32600A8B4EF /* Frameworks */,
			);
			sourceTree = "<group>";
		};
		2BA101CA2763EFC900EB5B8C /* Products */ = {
			isa = PBXGroup;
			children = (
				2BA101C92763EFC900EB5B8C /* SPOK.app */,
				2BA101DF2763EFCB00EB5B8C /* SPOKTests.xctest */,
				2BA101EA2763EFCB00EB5B8C /* SPOKUITests.xctest */,
				2B29CAEC2892B9F1006FE018 /* NotificationServiceExtension.appex */,
			);
			name = Products;
			sourceTree = "<group>";
		};
		2BA101CB2763EFC900EB5B8C /* SPOK */ = {
			isa = PBXGroup;
			children = (
				25F770D82B59A71D00C62071 /* raw */,
				2B63203E291F5E9A00BE529E /* GoogleService-Info.plist */,
				2B29CAFC2892BC3D006FE018 /* SPOK.entitlements */,
				2BA1025B276A5FFD00EB5B8C /* Swift */,
				2BA10242276A41F000EB5B8C /* Storyboards */,
				2BA101D52763EFCA00EB5B8C /* Assets.xcassets */,
				2BA101DA2763EFCA00EB5B8C /* Info.plist */,
				2B2199EB2920C65600F4505C /* test.storekit */,
			);
			path = SPOK;
			sourceTree = "<group>";
		};
		2BA101E22763EFCB00EB5B8C /* SPOKTests */ = {
			isa = PBXGroup;
			children = (
				2BA101ED2763EFCB00EB5B8C /* SPOKUITests */,
				2BA101E32763EFCB00EB5B8C /* SPOKTests.swift */,
				2BA101E52763EFCB00EB5B8C /* Info.plist */,
			);
			path = SPOKTests;
			sourceTree = "<group>";
		};
		2BA101ED2763EFCB00EB5B8C /* SPOKUITests */ = {
			isa = PBXGroup;
			children = (
				2BA101EE2763EFCB00EB5B8C /* SPOKUITests.swift */,
				2BA101F02763EFCB00EB5B8C /* Info.plist */,
			);
			path = SPOKUITests;
			sourceTree = "<group>";
		};
		2BA10242276A41F000EB5B8C /* Storyboards */ = {
			isa = PBXGroup;
			children = (
				2BA101D72763EFCA00EB5B8C /* LaunchScreen.storyboard */,
				25B35B142B51236B002704E1 /* Main.storyboard */,
			);
			path = Storyboards;
			sourceTree = "<group>";
		};
		2BA1025B276A5FFD00EB5B8C /* Swift */ = {
			isa = PBXGroup;
			children = (
				257A7FB32B6CF3F700BBEF5E /* extensions */,
				2507D2D42B467EBE00656C0B /* SPOKContentEngine */,
				2507D2CD2B45D43200656C0B /* utils */,
				25D5E4A72A69A47800A3126B /* views */,
				2BCE07C127AD2EDE00170B4A /* viewCells */,
				2BA1025D276A603100EB5B8C /* other */,
				2BA1025C276A602300EB5B8C /* controllers */,
				2BA101CC2763EFC900EB5B8C /* AppDelegate.swift */,
				2BA101CE2763EFC900EB5B8C /* SceneDelegate.swift */,
			);
			path = Swift;
			sourceTree = "<group>";
		};
		2BA1025C276A602300EB5B8C /* controllers */ = {
			isa = PBXGroup;
			children = (
				25F94ADA2B6E573000FC8A32 /* settings */,
				257A7FB02B6CE1F100BBEF5E /* payment */,
				25D32DDF2B6901F800EAEA20 /* pagers */,
				25D32DD62B68D67A00EAEA20 /* popups */,
				25DB9A702B52BE7E00B5359F /* splash */,
				250622712B4DAA6B00FCD636 /* newIntro */,
				2506226E2B4D6B6700FCD636 /* newMain */,
				2BF92C9C284A1F8100EE0CEC /* topic */,
				25DB9AC12B565AC600B5359F /* SheepCounterViewController.swift */,
			);
			path = controllers;
			sourceTree = "<group>";
		};
		2BA1025D276A603100EB5B8C /* other */ = {
			isa = PBXGroup;
			children = (
				25F94AF42B6FB89100FC8A32 /* service */,
				25D32DDE2B6901E300EAEA20 /* auth */,
				25F94ACB2B6D17FE00FC8A32 /* signin */,
				257A7F992B6CE1B300BBEF5E /* payment */,
				25DB9A762B53BD3D00B5359F /* models */,
				259FE6122B623DA400E237B7 /* enums */,
				25C455C62B5BF8D400AF54B1 /* cache */,
				25DB9AC72B57B5DB00B5359F /* utils */,
				25DB9ABC2B54E32700B5359F /* delegates */,
				25DB9AB82B53E60E00B5359F /* iterators */,
				25DB9A732B53AC6700B5359F /* downloaders */,
				2507D2E52B46B9A900656C0B /* stream */,
				2BF06BF428E7951F00A2ACFF /* Extensions */,
				2B5684AF28901871003F4F15 /* Notifications */,
				2BA1023D276A11DE00EB5B8C /* Toast.swift */,
				383AF7AE2875B17400859090 /* StorageApp.swift */,
				2BF3566D293136BF00ECA142 /* Crypt.swift */,
			);
			path = other;
			sourceTree = "<group>";
		};
		2BA51A9F280FF7F60035262A /* Home */ = {
			isa = PBXGroup;
			children = (
				25DB9ABF2B55A73900B5359F /* PreviewCell.swift */,
			);
			path = Home;
			sourceTree = "<group>";
		};
		2BBADB442909D32600A8B4EF /* Frameworks */ = {
			isa = PBXGroup;
			children = (
				253E298D2A44493700304958 /* StoreKit.framework */,
				2B4B3881290EDDA10013D198 /* CryptoKit.framework */,
			);
			name = Frameworks;
			sourceTree = "<group>";
		};
		2BCE07C127AD2EDE00170B4A /* viewCells */ = {
			isa = PBXGroup;
			children = (
				25D61E8D2B76224100B5A72B /* collectionView */,
				25D61E8B2B76221400B5A72B /* tableView */,
			);
			path = viewCells;
			sourceTree = "<group>";
		};
		2BF06BF428E7951F00A2ACFF /* Extensions */ = {
			isa = PBXGroup;
			children = (
				2BF06BF528E7953B00A2ACFF /* SPOKTopic.swift */,
				2B4C749E28E9A5E40097CDE7 /* SPOKMusic.swift */,
				2B4C74A428E9BDA20097CDE7 /* SPOKNotify.swift */,
				25063EAF2A776DC2001C1CCE /* FileSCS.swift */,
				25063EB12A77A1D5001C1CCE /* FileSPC.swift */,
				25063EB52A7A05F3001C1CCE /* FileSKC1.swift */,
			);
			path = Extensions;
			sourceTree = "<group>";
		};
		2BF92C9C284A1F8100EE0CEC /* topic */ = {
			isa = PBXGroup;
			children = (
				25D32DDD2B6901AF00EAEA20 /* views */,
				2507D2D02B46707A00656C0B /* BaseTopicController.swift */,
			);
			path = topic;
			sourceTree = "<group>";
		};
/* End PBXGroup section */

/* Begin PBXNativeTarget section */
		2B29CAEB2892B9F1006FE018 /* NotificationServiceExtension */ = {
			isa = PBXNativeTarget;
			buildConfigurationList = 2B29CAF72892B9F1006FE018 /* Build configuration list for PBXNativeTarget "NotificationServiceExtension" */;
			buildPhases = (
				2B29CAE82892B9F1006FE018 /* Sources */,
				2B29CAE92892B9F1006FE018 /* Frameworks */,
				2B29CAEA2892B9F1006FE018 /* Resources */,
			);
			buildRules = (
			);
			dependencies = (
			);
			name = NotificationServiceExtension;
			productName = NotificationServiceExtension;
			productReference = 2B29CAEC2892B9F1006FE018 /* NotificationServiceExtension.appex */;
			productType = "com.apple.product-type.app-extension";
		};
		2BA101C82763EFC900EB5B8C /* SPOK */ = {
			isa = PBXNativeTarget;
			buildConfigurationList = 2BA101F32763EFCB00EB5B8C /* Build configuration list for PBXNativeTarget "SPOK" */;
			buildPhases = (
				2BA101C52763EFC900EB5B8C /* Sources */,
				2BA101C62763EFC900EB5B8C /* Frameworks */,
				2BCC4907290E342E00A5F4F4 /* Resources */,
			);
			buildRules = (
			);
			dependencies = (
			);
			name = SPOK;
			packageProductDependencies = (
				2B4B3884290EDEAA0013D198 /* FirebaseAnalytics */,
				2B4B3886290EDEAA0013D198 /* FirebaseAuth */,
				2B4B3888290EDEAA0013D198 /* FirebaseDatabase */,
				2598FAB52A44394600230574 /* RevenueCat */,
				25063EB32A77E4A7001C1CCE /* FirebaseStorage */,
				2549B86C2ACA7FC9005C87C5 /* FirebaseMessaging */,
				2515639D2ACBBF96009EAA2F /* FirebaseFirestore */,
			);
			productName = SPOK;
			productReference = 2BA101C92763EFC900EB5B8C /* SPOK.app */;
			productType = "com.apple.product-type.application";
		};
		2BA101DE2763EFCB00EB5B8C /* SPOKTests */ = {
			isa = PBXNativeTarget;
			buildConfigurationList = 2BA101F62763EFCB00EB5B8C /* Build configuration list for PBXNativeTarget "SPOKTests" */;
			buildPhases = (
				2BA101DB2763EFCB00EB5B8C /* Sources */,
				2BA101DC2763EFCB00EB5B8C /* Frameworks */,
				2BA101DD2763EFCB00EB5B8C /* Resources */,
			);
			buildRules = (
			);
			dependencies = (
				2BA101E12763EFCB00EB5B8C /* PBXTargetDependency */,
			);
			name = SPOKTests;
			productName = SPOKTests;
			productReference = 2BA101DF2763EFCB00EB5B8C /* SPOKTests.xctest */;
			productType = "com.apple.product-type.bundle.unit-test";
		};
		2BA101E92763EFCB00EB5B8C /* SPOKUITests */ = {
			isa = PBXNativeTarget;
			buildConfigurationList = 2BA101F92763EFCB00EB5B8C /* Build configuration list for PBXNativeTarget "SPOKUITests" */;
			buildPhases = (
				2BA101E62763EFCB00EB5B8C /* Sources */,
				2BA101E72763EFCB00EB5B8C /* Frameworks */,
				2BA101E82763EFCB00EB5B8C /* Resources */,
			);
			buildRules = (
			);
			dependencies = (
				2BA101EC2763EFCB00EB5B8C /* PBXTargetDependency */,
			);
			name = SPOKUITests;
			productName = SPOKUITests;
			productReference = 2BA101EA2763EFCB00EB5B8C /* SPOKUITests.xctest */;
			productType = "com.apple.product-type.bundle.ui-testing";
		};
/* End PBXNativeTarget section */

/* Begin PBXProject section */
		2BA101C12763EFC900EB5B8C /* Project object */ = {
			isa = PBXProject;
			attributes = {
				LastSwiftUpdateCheck = 1240;
				LastUpgradeCheck = 1240;
				TargetAttributes = {
					2B29CAEB2892B9F1006FE018 = {
						CreatedOnToolsVersion = 12.4;
					};
					2BA101C82763EFC900EB5B8C = {
						CreatedOnToolsVersion = 12.4;
					};
					2BA101DE2763EFCB00EB5B8C = {
						CreatedOnToolsVersion = 12.4;
						TestTargetID = 2BA101C82763EFC900EB5B8C;
					};
					2BA101E92763EFCB00EB5B8C = {
						CreatedOnToolsVersion = 12.4;
						TestTargetID = 2BA101C82763EFC900EB5B8C;
					};
				};
			};
			buildConfigurationList = 2BA101C42763EFC900EB5B8C /* Build configuration list for PBXProject "SPOK" */;
			compatibilityVersion = "Xcode 9.3";
			developmentRegion = en;
			hasScannedForEncodings = 0;
			knownRegions = (
				en,
				Base,
				ru,
			);
			mainGroup = 2BA101C02763EFC900EB5B8C;
			packageReferences = (
				2B4B3883290EDEAA0013D198 /* XCRemoteSwiftPackageReference "firebase-ios-sdk" */,
				2598FAB42A44394600230574 /* XCRemoteSwiftPackageReference "purchases-ios" */,
				25F534272AC476FD00EEE557 /* XCRemoteSwiftPackageReference "mailcore2" */,
			);
			productRefGroup = 2BA101CA2763EFC900EB5B8C /* Products */;
			projectDirPath = "";
			projectRoot = "";
			targets = (
				2BA101C82763EFC900EB5B8C /* SPOK */,
				2BA101DE2763EFCB00EB5B8C /* SPOKTests */,
				2BA101E92763EFCB00EB5B8C /* SPOKUITests */,
				2B29CAEB2892B9F1006FE018 /* NotificationServiceExtension */,
			);
		};
/* End PBXProject section */

/* Begin PBXResourcesBuildPhase section */
		2B29CAEA2892B9F1006FE018 /* Resources */ = {
			isa = PBXResourcesBuildPhase;
			buildActionMask = 2147483647;
			files = (
			);
			runOnlyForDeploymentPostprocessing = 0;
		};
		2BA101DD2763EFCB00EB5B8C /* Resources */ = {
			isa = PBXResourcesBuildPhase;
			buildActionMask = 2147483647;
			files = (
			);
			runOnlyForDeploymentPostprocessing = 0;
		};
		2BA101E82763EFCB00EB5B8C /* Resources */ = {
			isa = PBXResourcesBuildPhase;
			buildActionMask = 2147483647;
			files = (
			);
			runOnlyForDeploymentPostprocessing = 0;
		};
		2BCC4907290E342E00A5F4F4 /* Resources */ = {
			isa = PBXResourcesBuildPhase;
			buildActionMask = 2147483647;
			files = (
				25B35B152B51236B002704E1 /* Main.storyboard in Resources */,
				2BCC490F290E347500A5F4F4 /* Assets.xcassets in Resources */,
				25F94AF92B700E4D00FC8A32 /* sheep_m.mp3 in Resources */,
				2B63203F291F5E9A00BE529E /* GoogleService-Info.plist in Resources */,
				2BCC490A290E346A00A5F4F4 /* OpenSans-Bold.ttf in Resources */,
				2BCC490B290E346A00A5F4F4 /* OpenSans-ExtraBold.ttf in Resources */,
				2BCC490C290E346A00A5F4F4 /* OpenSans-Regular.ttf in Resources */,
				2BCC490D290E346A00A5F4F4 /* OpenSans-SemiBold.ttf in Resources */,
				2BCC4909290E346100A5F4F4 /* LaunchScreen.storyboard in Resources */,
			);
			runOnlyForDeploymentPostprocessing = 0;
		};
/* End PBXResourcesBuildPhase section */

/* Begin PBXSourcesBuildPhase section */
		2B29CAE82892B9F1006FE018 /* Sources */ = {
			isa = PBXSourcesBuildPhase;
			buildActionMask = 2147483647;
			files = (
			);
			runOnlyForDeploymentPostprocessing = 0;
		};
		2BA101C52763EFC900EB5B8C /* Sources */ = {
			isa = PBXSourcesBuildPhase;
			buildActionMask = 2147483647;
			files = (
				2569408C2B660C9B0005BFCC /* CacheProgress.swift in Sources */,
				25DB9ABE2B54E34100B5359F /* CollectionDelegate.swift in Sources */,
				2506227B2B4E6AE900FCD636 /* IntroSleepRootController.swift in Sources */,
				25DB9AD12B57EC5000B5359F /* CollectionRowView.swift in Sources */,
				25DB9AC02B55A73900B5359F /* PreviewCell.swift in Sources */,
				257A7FAC2B6CE1B300BBEF5E /* PaymentInfo.swift in Sources */,
				259FE6112B62325D00E237B7 /* CardTextSize.swift in Sources */,
				25F94AE82B6E626100FC8A32 /* SignInListener.swift in Sources */,
				250622792B4E5E5700FCD636 /* SimplePageViewController.swift in Sources */,
				2506227F2B4E70FA00FCD636 /* OneShotViewController.swift in Sources */,
				2569409B2B6772B40005BFCC /* CacheDir.swift in Sources */,
				2507D2E42B469CA000656C0B /* ScriptResource.swift in Sources */,
				257A7FAF2B6CE1B300BBEF5E /* PaymentProcess.swift in Sources */,
				2507D2F02B47216000656C0B /* OnReadScript.swift in Sources */,
				2B5684B128901882003F4F15 /* EveryDayNotification.swift in Sources */,
				25DB9AC42B578CBE00B5359F /* SheepViewCell.swift in Sources */,
				255C04F92B504BB5006D9FD0 /* ViewUtils.swift in Sources */,
				25F94AE22B6E5E9F00FC8A32 /* AuthAppleController.swift in Sources */,
				25F94AF32B6F94A300FC8A32 /* String.swift in Sources */,
				250622702B4D6EEB00FCD636 /* ProfileNewViewController.swift in Sources */,
				2BD279BE279EFEAE00E6A1FD /* Utils.swift in Sources */,
				25F94AEF2B6F6DF500FC8A32 /* DatabaseUtils.swift in Sources */,
				383AF7AF2875B17400859090 /* StorageApp.swift in Sources */,
				256940912B660EDE0005BFCC /* CacheData.swift in Sources */,
				257A7FAD2B6CE1B300BBEF5E /* PaymentSnapshot.swift in Sources */,
				255C04F52B4FA3E4006D9FD0 /* CarouselCollectionView.swift in Sources */,
				25F94AD12B6E1A7200FC8A32 /* CGRect.swift in Sources */,
				25F94AED2B6F690200FC8A32 /* UIButton.swift in Sources */,
				25DB9ABA2B53E61C00B5359F /* Iterator.swift in Sources */,
				25F94AE52B6E608700FC8A32 /* AuthListener.swift in Sources */,
				25C8BB5D2B50FF1F00C9A73E /* MainViewController.swift in Sources */,
				25DB9ACB2B57CC1600B5359F /* TitleTableViewCell.swift in Sources */,
				2507D2EB2B471A0E00656C0B /* ScriptReader.swift in Sources */,
				2BA1023E276A11DE00EB5B8C /* Toast.swift in Sources */,
				25F94ACD2B6D181F00FC8A32 /* SignInAppleListener.swift in Sources */,
				25F94ACF2B6D28F000FC8A32 /* UserDefaults.swift in Sources */,
				25DB9AC62B57945300B5359F /* CollectionTopic.swift in Sources */,
				2B82F18C29603E73004414B9 /* UITextViewPhrase.swift in Sources */,
				256940982B676A040005BFCC /* Cache.swift in Sources */,
				25B35B172B513E3B002704E1 /* PayPageViewController.swift in Sources */,
				250622732B4DAA7E00FCD636 /* SplashViewController.swift in Sources */,
				259FE6142B623DC800E237B7 /* CardType.swift in Sources */,
				25D61E8A2B7621C300B5A72B /* InversedTableViewCell.swift in Sources */,
				2569408E2B660D850005BFCC /* CacheFileHandler.swift in Sources */,
				2B04493A280C03AF00ADA8B5 /* CollectionTableViewCell.swift in Sources */,
				25F94AD72B6E1E8D00FC8A32 /* SignInAppleController.swift in Sources */,
				256940962B6672620005BFCC /* UILabela.swift in Sources */,
				250622832B4EA1F000FCD636 /* PageBar.swift in Sources */,
				25F94AFE2B700F6300FC8A32 /* PaymentConfirmationListener.swift in Sources */,
				25DB9A782B53BD4900B5359F /* Collection.swift in Sources */,
				2507D2CF2B45D45C00656C0B /* ByteUtils.swift in Sources */,
				259185362B5D488B001CFD7A /* SPOKContentEngine.swift in Sources */,
				25DB9AC92B57B5FB00B5359F /* LayoutUtils.swift in Sources */,
				383AF7AD28758BD300859090 /* MainNavigationController.swift in Sources */,
				257A7FB52B6CF40800BBEF5E /* DispatchQueue.swift in Sources */,
				25C455C82B5BF90400AF54B1 /* CacheFile.swift in Sources */,
				25DB9A7B2B53C45A00B5359F /* CollectionListener.swift in Sources */,
				25F94ADE2B6E587D00FC8A32 /* UIColor.swift in Sources */,
				2B4C749F28E9A5E40097CDE7 /* SPOKMusic.swift in Sources */,
				257A7FAA2B6CE1B300BBEF5E /* Keys.swift in Sources */,
				250622812B4E891900FCD636 /* ProgressBar.swift in Sources */,
				2BC57A7528683E5A00A5A65C /* MainContentViewController.swift in Sources */,
				257A7FAB2B6CE1B300BBEF5E /* HttpUtils.swift in Sources */,
				2507D2E72B46B9C100656C0B /* FileInputStream.swift in Sources */,
				25D32DD92B68D69A00EAEA20 /* PopupNewsViewController.swift in Sources */,
				2501D36D2A836CF1002FC348 /* BottomNavigationBar.swift in Sources */,
				25F94AF12B6F7DD700FC8A32 /* Log.swift in Sources */,
				255C04F72B4FE6BD006D9FD0 /* CarouselView.swift in Sources */,
				25DB9AC22B565AC600B5359F /* SheepCounterViewController.swift in Sources */,
				25F94AD92B6E22BE00FC8A32 /* AuthUtils.swift in Sources */,
				25F94AF62B6FB8A600FC8A32 /* PremiumService.swift in Sources */,
				2B3DE5B9290BAC7600B00528 /* SignInApple.swift in Sources */,
				2BA101CD2763EFC900EB5B8C /* AppDelegate.swift in Sources */,
				25D61E902B76233800B5A72B /* InversedTableView.swift in Sources */,
				256940892B6571CD0005BFCC /* CacheListener.swift in Sources */,
				257A7FB22B6CE1FC00BBEF5E /* WebConfirmationViewController.swift in Sources */,
				257A7FA82B6CE1B300BBEF5E /* Status.swift in Sources */,
				256940862B63B72E0005BFCC /* ArrayList.swift in Sources */,
				25F94AD32B6E1A9F00FC8A32 /* UILabel.swift in Sources */,
				25D61E822B75F0F100B5A72B /* OptionsTableView.swift in Sources */,
				25063EB02A776DC2001C1CCE /* FileSCS.swift in Sources */,
				25C8BB602B510E0100C9A73E /* StackViewController.swift in Sources */,
				25063EB22A77A1D5001C1CCE /* FileSPC.swift in Sources */,
				256940942B6614160005BFCC /* CacheProgressListener.swift in Sources */,
				257A7FA92B6CE1B300BBEF5E /* Currency.swift in Sources */,
				250622772B4E53F900FCD636 /* IntroSleep3ViewController.swift in Sources */,
				250622752B4DB20500FCD636 /* IntroSleep2ViewController.swift in Sources */,
				25DB9A752B53AC9E00B5359F /* CollectionDownloader.swift in Sources */,
				2507D2D12B46707A00656C0B /* BaseTopicController.swift in Sources */,
				2507D2EE2B47210800656C0B /* OnReadCommand.swift in Sources */,
				2BA101CF2763EFC900EB5B8C /* SceneDelegate.swift in Sources */,
				257A7FAE2B6CE1B300BBEF5E /* Payment.swift in Sources */,
				2506227D2B4E6E0300FCD636 /* DelegateViewController.swift in Sources */,
				25F770D72B598C9100C62071 /* Particles.swift in Sources */,
				25D61E882B75F8A500B5A72B /* Option.swift in Sources */,
				2BF3566E293136BF00ECA142 /* Crypt.swift in Sources */,
				25F94ADC2B6E579500FC8A32 /* SettingsViewController.swift in Sources */,
				2B93CF4E276F2E5000219690 /* HomeViewController.swift in Sources */,
				2507D2DF2B469C1D00656C0B /* ScriptRead.swift in Sources */,
				2507D2E22B469C5400656C0B /* ScriptText.swift in Sources */,
				25063EB62A7A05F3001C1CCE /* FileSKC1.swift in Sources */,
				2BF06BF628E7953B00A2ACFF /* SPOKTopic.swift in Sources */,
				25D61E852B75F35600B5A72B /* OptionTableCell.swift in Sources */,
				25F94AEB2B6F46E900FC8A32 /* MessageViewController.swift in Sources */,
				2B4C74A528E9BDA20097CDE7 /* SPOKNotify.swift in Sources */,
			);
			runOnlyForDeploymentPostprocessing = 0;
		};
		2BA101DB2763EFCB00EB5B8C /* Sources */ = {
			isa = PBXSourcesBuildPhase;
			buildActionMask = 2147483647;
			files = (
				2BA101E42763EFCB00EB5B8C /* SPOKTests.swift in Sources */,
			);
			runOnlyForDeploymentPostprocessing = 0;
		};
		2BA101E62763EFCB00EB5B8C /* Sources */ = {
			isa = PBXSourcesBuildPhase;
			buildActionMask = 2147483647;
			files = (
				2BA101EF2763EFCB00EB5B8C /* SPOKUITests.swift in Sources */,
			);
			runOnlyForDeploymentPostprocessing = 0;
		};
/* End PBXSourcesBuildPhase section */

/* Begin PBXTargetDependency section */
		2BA101E12763EFCB00EB5B8C /* PBXTargetDependency */ = {
			isa = PBXTargetDependency;
			platformFilter = ios;
			target = 2BA101C82763EFC900EB5B8C /* SPOK */;
			targetProxy = 2BA101E02763EFCB00EB5B8C /* PBXContainerItemProxy */;
		};
		2BA101EC2763EFCB00EB5B8C /* PBXTargetDependency */ = {
			isa = PBXTargetDependency;
			platformFilter = ios;
			target = 2BA101C82763EFC900EB5B8C /* SPOK */;
			targetProxy = 2BA101EB2763EFCB00EB5B8C /* PBXContainerItemProxy */;
		};
/* End PBXTargetDependency section */

/* Begin PBXVariantGroup section */
		2BA101D72763EFCA00EB5B8C /* LaunchScreen.storyboard */ = {
			isa = PBXVariantGroup;
			children = (
				2BA101D82763EFCA00EB5B8C /* Base */,
				2BB4FA5127E207B400574FDA /* ru */,
			);
			name = LaunchScreen.storyboard;
			sourceTree = "<group>";
		};
/* End PBXVariantGroup section */

/* Begin XCBuildConfiguration section */
		2B29CAF52892B9F1006FE018 /* Debug */ = {
			isa = XCBuildConfiguration;
			buildSettings = {
				CODE_SIGN_STYLE = Automatic;
				DEVELOPMENT_TEAM = BK45F2432S;
				INFOPLIST_FILE = NotificationServiceExtension/Info.plist;
				IPHONEOS_DEPLOYMENT_TARGET = 14.4;
				LD_RUNPATH_SEARCH_PATHS = (
					"$(inherited)",
					"@executable_path/Frameworks",
					"@executable_path/../../Frameworks",
				);
				PRODUCT_BUNDLE_IDENTIFIER = spokLab.SPOK.NotificationServiceExtension;
				PRODUCT_NAME = "$(TARGET_NAME)";
				SKIP_INSTALL = YES;
				SWIFT_VERSION = 5.0;
				TARGETED_DEVICE_FAMILY = "1,2";
			};
			name = Debug;
		};
		2B29CAF62892B9F1006FE018 /* Release */ = {
			isa = XCBuildConfiguration;
			buildSettings = {
				CODE_SIGN_STYLE = Automatic;
				DEVELOPMENT_TEAM = BK45F2432S;
				INFOPLIST_FILE = NotificationServiceExtension/Info.plist;
				IPHONEOS_DEPLOYMENT_TARGET = 14.4;
				LD_RUNPATH_SEARCH_PATHS = (
					"$(inherited)",
					"@executable_path/Frameworks",
					"@executable_path/../../Frameworks",
				);
				PRODUCT_BUNDLE_IDENTIFIER = spokLab.SPOK.NotificationServiceExtension;
				PRODUCT_NAME = "$(TARGET_NAME)";
				SKIP_INSTALL = YES;
				SWIFT_VERSION = 5.0;
				TARGETED_DEVICE_FAMILY = "1,2";
			};
			name = Release;
		};
		2BA101F12763EFCB00EB5B8C /* Debug */ = {
			isa = XCBuildConfiguration;
			buildSettings = {
				ALWAYS_SEARCH_USER_PATHS = NO;
				CLANG_ANALYZER_LOCALIZABILITY_NONLOCALIZED = YES;
				CLANG_ANALYZER_NONNULL = YES;
				CLANG_ANALYZER_NUMBER_OBJECT_CONVERSION = YES_AGGRESSIVE;
				CLANG_CXX_LANGUAGE_STANDARD = "gnu++14";
				CLANG_CXX_LIBRARY = "libc++";
				CLANG_ENABLE_MODULES = YES;
				CLANG_ENABLE_OBJC_ARC = YES;
				CLANG_ENABLE_OBJC_WEAK = YES;
				CLANG_WARN_BLOCK_CAPTURE_AUTORELEASING = YES;
				CLANG_WARN_BOOL_CONVERSION = YES;
				CLANG_WARN_COMMA = YES;
				CLANG_WARN_CONSTANT_CONVERSION = YES;
				CLANG_WARN_DEPRECATED_OBJC_IMPLEMENTATIONS = YES;
				CLANG_WARN_DIRECT_OBJC_ISA_USAGE = YES_ERROR;
				CLANG_WARN_DOCUMENTATION_COMMENTS = YES;
				CLANG_WARN_EMPTY_BODY = YES;
				CLANG_WARN_ENUM_CONVERSION = YES;
				CLANG_WARN_INFINITE_RECURSION = YES;
				CLANG_WARN_INT_CONVERSION = YES;
				CLANG_WARN_NON_LITERAL_NULL_CONVERSION = YES;
				CLANG_WARN_OBJC_IMPLICIT_RETAIN_SELF = YES;
				CLANG_WARN_OBJC_LITERAL_CONVERSION = YES;
				CLANG_WARN_OBJC_ROOT_CLASS = YES_ERROR;
				CLANG_WARN_QUOTED_INCLUDE_IN_FRAMEWORK_HEADER = YES;
				CLANG_WARN_RANGE_LOOP_ANALYSIS = YES;
				CLANG_WARN_STRICT_PROTOTYPES = YES;
				CLANG_WARN_SUSPICIOUS_MOVE = YES;
				CLANG_WARN_UNGUARDED_AVAILABILITY = YES_AGGRESSIVE;
				CLANG_WARN_UNREACHABLE_CODE = YES;
				CLANG_WARN__DUPLICATE_METHOD_MATCH = YES;
				COPY_PHASE_STRIP = NO;
				DEBUG_INFORMATION_FORMAT = dwarf;
				ENABLE_STRICT_OBJC_MSGSEND = YES;
				ENABLE_TESTABILITY = YES;
				GCC_C_LANGUAGE_STANDARD = gnu11;
				GCC_DYNAMIC_NO_PIC = NO;
				GCC_NO_COMMON_BLOCKS = YES;
				GCC_OPTIMIZATION_LEVEL = 0;
				GCC_PREPROCESSOR_DEFINITIONS = (
					"DEBUG=1",
					"$(inherited)",
				);
				GCC_WARN_64_TO_32_BIT_CONVERSION = YES;
				GCC_WARN_ABOUT_RETURN_TYPE = YES_ERROR;
				GCC_WARN_UNDECLARED_SELECTOR = YES;
				GCC_WARN_UNINITIALIZED_AUTOS = YES_AGGRESSIVE;
				GCC_WARN_UNUSED_FUNCTION = YES;
				GCC_WARN_UNUSED_VARIABLE = YES;
				IPHONEOS_DEPLOYMENT_TARGET = 13.0;
				MTL_ENABLE_DEBUG_INFO = INCLUDE_SOURCE;
				MTL_FAST_MATH = YES;
				ONLY_ACTIVE_ARCH = YES;
				SDKROOT = iphoneos;
				SWIFT_ACTIVE_COMPILATION_CONDITIONS = DEBUG;
				SWIFT_OPTIMIZATION_LEVEL = "-Onone";
			};
			name = Debug;
		};
		2BA101F22763EFCB00EB5B8C /* Release */ = {
			isa = XCBuildConfiguration;
			buildSettings = {
				ALWAYS_SEARCH_USER_PATHS = NO;
				CLANG_ANALYZER_LOCALIZABILITY_NONLOCALIZED = YES;
				CLANG_ANALYZER_NONNULL = YES;
				CLANG_ANALYZER_NUMBER_OBJECT_CONVERSION = YES_AGGRESSIVE;
				CLANG_CXX_LANGUAGE_STANDARD = "gnu++14";
				CLANG_CXX_LIBRARY = "libc++";
				CLANG_ENABLE_MODULES = YES;
				CLANG_ENABLE_OBJC_ARC = YES;
				CLANG_ENABLE_OBJC_WEAK = YES;
				CLANG_WARN_BLOCK_CAPTURE_AUTORELEASING = YES;
				CLANG_WARN_BOOL_CONVERSION = YES;
				CLANG_WARN_COMMA = YES;
				CLANG_WARN_CONSTANT_CONVERSION = YES;
				CLANG_WARN_DEPRECATED_OBJC_IMPLEMENTATIONS = YES;
				CLANG_WARN_DIRECT_OBJC_ISA_USAGE = YES_ERROR;
				CLANG_WARN_DOCUMENTATION_COMMENTS = YES;
				CLANG_WARN_EMPTY_BODY = YES;
				CLANG_WARN_ENUM_CONVERSION = YES;
				CLANG_WARN_INFINITE_RECURSION = YES;
				CLANG_WARN_INT_CONVERSION = YES;
				CLANG_WARN_NON_LITERAL_NULL_CONVERSION = YES;
				CLANG_WARN_OBJC_IMPLICIT_RETAIN_SELF = YES;
				CLANG_WARN_OBJC_LITERAL_CONVERSION = YES;
				CLANG_WARN_OBJC_ROOT_CLASS = YES_ERROR;
				CLANG_WARN_QUOTED_INCLUDE_IN_FRAMEWORK_HEADER = YES;
				CLANG_WARN_RANGE_LOOP_ANALYSIS = YES;
				CLANG_WARN_STRICT_PROTOTYPES = YES;
				CLANG_WARN_SUSPICIOUS_MOVE = YES;
				CLANG_WARN_UNGUARDED_AVAILABILITY = YES_AGGRESSIVE;
				CLANG_WARN_UNREACHABLE_CODE = YES;
				CLANG_WARN__DUPLICATE_METHOD_MATCH = YES;
				COPY_PHASE_STRIP = NO;
				DEBUG_INFORMATION_FORMAT = "dwarf-with-dsym";
				ENABLE_NS_ASSERTIONS = NO;
				ENABLE_STRICT_OBJC_MSGSEND = YES;
				GCC_C_LANGUAGE_STANDARD = gnu11;
				GCC_NO_COMMON_BLOCKS = YES;
				GCC_WARN_64_TO_32_BIT_CONVERSION = YES;
				GCC_WARN_ABOUT_RETURN_TYPE = YES_ERROR;
				GCC_WARN_UNDECLARED_SELECTOR = YES;
				GCC_WARN_UNINITIALIZED_AUTOS = YES_AGGRESSIVE;
				GCC_WARN_UNUSED_FUNCTION = YES;
				GCC_WARN_UNUSED_VARIABLE = YES;
				IPHONEOS_DEPLOYMENT_TARGET = 13.0;
				MTL_ENABLE_DEBUG_INFO = NO;
				MTL_FAST_MATH = YES;
				ONLY_ACTIVE_ARCH = YES;
				SDKROOT = iphoneos;
				SWIFT_COMPILATION_MODE = wholemodule;
				SWIFT_OPTIMIZATION_LEVEL = "-O";
				VALIDATE_PRODUCT = YES;
			};
			name = Release;
		};
		2BA101F42763EFCB00EB5B8C /* Debug */ = {
			isa = XCBuildConfiguration;
			buildSettings = {
				ASSETCATALOG_COMPILER_APPICON_NAME = AppIcon;
				ASSETCATALOG_COMPILER_GLOBAL_ACCENT_COLOR_NAME = AccentColor;
				CODE_SIGN_ENTITLEMENTS = SPOK/SPOK.entitlements;
				CODE_SIGN_IDENTITY = "iPhone Distribution";
				"CODE_SIGN_IDENTITY[sdk=iphoneos*]" = "iPhone Developer";
				CODE_SIGN_STYLE = Manual;
				CURRENT_PROJECT_VERSION = 50;
				DEVELOPMENT_TEAM = 88QU53792F;
				"DEVELOPMENT_TEAM[sdk=iphoneos*]" = 88QU53792F;
				EMBED_ASSET_PACKS_IN_PRODUCT_BUNDLE = NO;
				ENABLE_BITCODE = NO;
				EXCLUDED_ARCHS = "";
				INFOPLIST_FILE = SPOK/Info.plist;
				LD_RUNPATH_SEARCH_PATHS = (
					"$(inherited)",
					"@executable_path/Frameworks",
				);
				MARKETING_VERSION = 0.4.2;
				PRODUCT_BUNDLE_IDENTIFIER = com.spoklab.spok.app;
				PRODUCT_NAME = "$(TARGET_NAME)";
				PROVISIONING_PROFILE_SPECIFIER = "SPOK DISTR A/S PROFILE";
				"PROVISIONING_PROFILE_SPECIFIER[sdk=iphoneos*]" = "SPOK DEV PROFILE NEW";
				SWIFT_VERSION = 5.0;
				TARGETED_DEVICE_FAMILY = "1,2";
				VALIDATE_PRODUCT = YES;
			};
			name = Debug;
		};
		2BA101F52763EFCB00EB5B8C /* Release */ = {
			isa = XCBuildConfiguration;
			buildSettings = {
				ASSETCATALOG_COMPILER_APPICON_NAME = AppIcon;
				ASSETCATALOG_COMPILER_GLOBAL_ACCENT_COLOR_NAME = AccentColor;
				CODE_SIGN_ENTITLEMENTS = SPOK/SPOK.entitlements;
				CODE_SIGN_IDENTITY = "iPhone Distribution";
				"CODE_SIGN_IDENTITY[sdk=iphoneos*]" = "iPhone Developer";
				CODE_SIGN_STYLE = Manual;
				CURRENT_PROJECT_VERSION = 50;
				DEVELOPMENT_TEAM = 88QU53792F;
				"DEVELOPMENT_TEAM[sdk=iphoneos*]" = 88QU53792F;
				EMBED_ASSET_PACKS_IN_PRODUCT_BUNDLE = NO;
				ENABLE_BITCODE = NO;
				EXCLUDED_ARCHS = "";
				INFOPLIST_FILE = SPOK/Info.plist;
				LD_RUNPATH_SEARCH_PATHS = (
					"$(inherited)",
					"@executable_path/Frameworks",
				);
				MARKETING_VERSION = 0.4.2;
				PRODUCT_BUNDLE_IDENTIFIER = com.spoklab.spok.app;
				PRODUCT_NAME = "$(TARGET_NAME)";
				PROVISIONING_PROFILE_SPECIFIER = "SPOK DISTR A/S PROFILE";
				"PROVISIONING_PROFILE_SPECIFIER[sdk=iphoneos*]" = "SPOK DEV PROFILE NEW";
				SWIFT_VERSION = 5.0;
				TARGETED_DEVICE_FAMILY = "1,2";
			};
			name = Release;
		};
		2BA101F72763EFCB00EB5B8C /* Debug */ = {
			isa = XCBuildConfiguration;
			buildSettings = {
				ALWAYS_EMBED_SWIFT_STANDARD_LIBRARIES = YES;
				BUNDLE_LOADER = "$(TEST_HOST)";
				CODE_SIGN_STYLE = Automatic;
				DEVELOPMENT_TEAM = BK45F2432S;
				INFOPLIST_FILE = SPOKTests/Info.plist;
				IPHONEOS_DEPLOYMENT_TARGET = 14.4;
				LD_RUNPATH_SEARCH_PATHS = (
					"$(inherited)",
					"@executable_path/Frameworks",
					"@loader_path/Frameworks",
				);
				PRODUCT_BUNDLE_IDENTIFIER = SpokLab.SPOKTests;
				PRODUCT_NAME = "$(TARGET_NAME)";
				SWIFT_VERSION = 5.0;
				TARGETED_DEVICE_FAMILY = "1,2";
				TEST_HOST = "$(BUILT_PRODUCTS_DIR)/SPOK.app/SPOK";
			};
			name = Debug;
		};
		2BA101F82763EFCB00EB5B8C /* Release */ = {
			isa = XCBuildConfiguration;
			buildSettings = {
				ALWAYS_EMBED_SWIFT_STANDARD_LIBRARIES = YES;
				BUNDLE_LOADER = "$(TEST_HOST)";
				CODE_SIGN_STYLE = Automatic;
				DEVELOPMENT_TEAM = BK45F2432S;
				INFOPLIST_FILE = SPOKTests/Info.plist;
				IPHONEOS_DEPLOYMENT_TARGET = 14.4;
				LD_RUNPATH_SEARCH_PATHS = (
					"$(inherited)",
					"@executable_path/Frameworks",
					"@loader_path/Frameworks",
				);
				PRODUCT_BUNDLE_IDENTIFIER = SpokLab.SPOKTests;
				PRODUCT_NAME = "$(TARGET_NAME)";
				SWIFT_VERSION = 5.0;
				TARGETED_DEVICE_FAMILY = "1,2";
				TEST_HOST = "$(BUILT_PRODUCTS_DIR)/SPOK.app/SPOK";
			};
			name = Release;
		};
		2BA101FA2763EFCB00EB5B8C /* Debug */ = {
			isa = XCBuildConfiguration;
			buildSettings = {
				ALWAYS_EMBED_SWIFT_STANDARD_LIBRARIES = YES;
				CODE_SIGN_STYLE = Automatic;
				DEVELOPMENT_TEAM = BK45F2432S;
				INFOPLIST_FILE = SPOKUITests/Info.plist;
				LD_RUNPATH_SEARCH_PATHS = (
					"$(inherited)",
					"@executable_path/Frameworks",
					"@loader_path/Frameworks",
				);
				PRODUCT_BUNDLE_IDENTIFIER = SpokLab.SPOKUITests;
				PRODUCT_NAME = "$(TARGET_NAME)";
				SWIFT_VERSION = 5.0;
				TARGETED_DEVICE_FAMILY = "1,2";
				TEST_TARGET_NAME = SPOK;
			};
			name = Debug;
		};
		2BA101FB2763EFCB00EB5B8C /* Release */ = {
			isa = XCBuildConfiguration;
			buildSettings = {
				ALWAYS_EMBED_SWIFT_STANDARD_LIBRARIES = YES;
				CODE_SIGN_STYLE = Automatic;
				DEVELOPMENT_TEAM = BK45F2432S;
				INFOPLIST_FILE = SPOKUITests/Info.plist;
				LD_RUNPATH_SEARCH_PATHS = (
					"$(inherited)",
					"@executable_path/Frameworks",
					"@loader_path/Frameworks",
				);
				PRODUCT_BUNDLE_IDENTIFIER = SpokLab.SPOKUITests;
				PRODUCT_NAME = "$(TARGET_NAME)";
				SWIFT_VERSION = 5.0;
				TARGETED_DEVICE_FAMILY = "1,2";
				TEST_TARGET_NAME = SPOK;
			};
			name = Release;
		};
/* End XCBuildConfiguration section */

/* Begin XCConfigurationList section */
		2B29CAF72892B9F1006FE018 /* Build configuration list for PBXNativeTarget "NotificationServiceExtension" */ = {
			isa = XCConfigurationList;
			buildConfigurations = (
				2B29CAF52892B9F1006FE018 /* Debug */,
				2B29CAF62892B9F1006FE018 /* Release */,
			);
			defaultConfigurationIsVisible = 0;
			defaultConfigurationName = Release;
		};
		2BA101C42763EFC900EB5B8C /* Build configuration list for PBXProject "SPOK" */ = {
			isa = XCConfigurationList;
			buildConfigurations = (
				2BA101F12763EFCB00EB5B8C /* Debug */,
				2BA101F22763EFCB00EB5B8C /* Release */,
			);
			defaultConfigurationIsVisible = 0;
			defaultConfigurationName = Release;
		};
		2BA101F32763EFCB00EB5B8C /* Build configuration list for PBXNativeTarget "SPOK" */ = {
			isa = XCConfigurationList;
			buildConfigurations = (
				2BA101F42763EFCB00EB5B8C /* Debug */,
				2BA101F52763EFCB00EB5B8C /* Release */,
			);
			defaultConfigurationIsVisible = 0;
			defaultConfigurationName = Release;
		};
		2BA101F62763EFCB00EB5B8C /* Build configuration list for PBXNativeTarget "SPOKTests" */ = {
			isa = XCConfigurationList;
			buildConfigurations = (
				2BA101F72763EFCB00EB5B8C /* Debug */,
				2BA101F82763EFCB00EB5B8C /* Release */,
			);
			defaultConfigurationIsVisible = 0;
			defaultConfigurationName = Release;
		};
		2BA101F92763EFCB00EB5B8C /* Build configuration list for PBXNativeTarget "SPOKUITests" */ = {
			isa = XCConfigurationList;
			buildConfigurations = (
				2BA101FA2763EFCB00EB5B8C /* Debug */,
				2BA101FB2763EFCB00EB5B8C /* Release */,
			);
			defaultConfigurationIsVisible = 0;
			defaultConfigurationName = Release;
		};
/* End XCConfigurationList section */

/* Begin XCRemoteSwiftPackageReference section */
		2598FAB42A44394600230574 /* XCRemoteSwiftPackageReference "purchases-ios" */ = {
			isa = XCRemoteSwiftPackageReference;
			repositoryURL = "https://github.com/RevenueCat/purchases-ios.git";
			requirement = {
				kind = upToNextMajorVersion;
				minimumVersion = 4.0.0;
			};
		};
		25F534272AC476FD00EEE557 /* XCRemoteSwiftPackageReference "mailcore2" */ = {
			isa = XCRemoteSwiftPackageReference;
			repositoryURL = "https://github.com/MailCore/mailcore2";
			requirement = {
				branch = master;
				kind = branch;
			};
		};
		2B4B3883290EDEAA0013D198 /* XCRemoteSwiftPackageReference "firebase-ios-sdk" */ = {
			isa = XCRemoteSwiftPackageReference;
			repositoryURL = "https://github.com/firebase/firebase-ios-sdk";
			requirement = {
				kind = upToNextMajorVersion;
				minimumVersion = 10.11.0;
			};
		};
/* End XCRemoteSwiftPackageReference section */

/* Begin XCSwiftPackageProductDependency section */
		25063EB32A77E4A7001C1CCE /* FirebaseStorage */ = {
			isa = XCSwiftPackageProductDependency;
			package = 2B4B3883290EDEAA0013D198 /* XCRemoteSwiftPackageReference "firebase-ios-sdk" */;
			productName = FirebaseStorage;
		};
		2515639D2ACBBF96009EAA2F /* FirebaseFirestore */ = {
			isa = XCSwiftPackageProductDependency;
			package = 2B4B3883290EDEAA0013D198 /* XCRemoteSwiftPackageReference "firebase-ios-sdk" */;
			productName = FirebaseFirestore;
		};
		2549B86C2ACA7FC9005C87C5 /* FirebaseMessaging */ = {
			isa = XCSwiftPackageProductDependency;
			package = 2B4B3883290EDEAA0013D198 /* XCRemoteSwiftPackageReference "firebase-ios-sdk" */;
			productName = FirebaseMessaging;
		};
		2598FAB52A44394600230574 /* RevenueCat */ = {
			isa = XCSwiftPackageProductDependency;
			package = 2598FAB42A44394600230574 /* XCRemoteSwiftPackageReference "purchases-ios" */;
			productName = RevenueCat;
		};
		2B4B3884290EDEAA0013D198 /* FirebaseAnalytics */ = {
			isa = XCSwiftPackageProductDependency;
			package = 2B4B3883290EDEAA0013D198 /* XCRemoteSwiftPackageReference "firebase-ios-sdk" */;
			productName = FirebaseAnalytics;
		};
		2B4B3886290EDEAA0013D198 /* FirebaseAuth */ = {
			isa = XCSwiftPackageProductDependency;
			package = 2B4B3883290EDEAA0013D198 /* XCRemoteSwiftPackageReference "firebase-ios-sdk" */;
			productName = FirebaseAuth;
		};
		2B4B3888290EDEAA0013D198 /* FirebaseDatabase */ = {
			isa = XCSwiftPackageProductDependency;
			package = 2B4B3883290EDEAA0013D198 /* XCRemoteSwiftPackageReference "firebase-ios-sdk" */;
			productName = FirebaseDatabase;
		};
/* End XCSwiftPackageProductDependency section */
	};
	rootObject = 2BA101C12763EFC900EB5B8C /* Project object */;
}
